// !$*UTF8*$!
{
	archiveVersion = 1;
	classes = {
	};
	objectVersion = 51;
	objects = {

/* Begin PBXBuildFile section */
		264A54CFD61606869D98294C /* libPods-Commuter Buddy Watch - CTA Version.a in Frameworks */ = {isa = PBXBuildFile; fileRef = 511437EF35D63D22D59AA738 /* libPods-Commuter Buddy Watch - CTA Version.a */; };
		545777DB2A17045A8EFCDE82 /* Pods_Commuter_Buddy_Watch___CTA_Version_Extension.framework in Frameworks */ = {isa = PBXBuildFile; fileRef = 8240A3003288464E339A7DD2 /* Pods_Commuter_Buddy_Watch___CTA_Version_Extension.framework */; };
		58B8AAB81FC734B90075E9BA /* StationsViewController.swift in Sources */ = {isa = PBXBuildFile; fileRef = 58B8AAB71FC734B90075E9BA /* StationsViewController.swift */; };
		58F9D72D1FC5F115002FA4F2 /* AppDelegate.swift in Sources */ = {isa = PBXBuildFile; fileRef = 58F9D72C1FC5F115002FA4F2 /* AppDelegate.swift */; };
		58F9D7321FC5F115002FA4F2 /* Main.storyboard in Resources */ = {isa = PBXBuildFile; fileRef = 58F9D7301FC5F115002FA4F2 /* Main.storyboard */; };
		58F9D7341FC5F115002FA4F2 /* Assets.xcassets in Resources */ = {isa = PBXBuildFile; fileRef = 58F9D7331FC5F115002FA4F2 /* Assets.xcassets */; };
		58F9D7371FC5F115002FA4F2 /* LaunchScreen.storyboard in Resources */ = {isa = PBXBuildFile; fileRef = 58F9D7351FC5F115002FA4F2 /* LaunchScreen.storyboard */; };
		58F9D7421FC5F115002FA4F2 /* Commuter_Buddy___CTA_VersionTests.swift in Sources */ = {isa = PBXBuildFile; fileRef = 58F9D7411FC5F115002FA4F2 /* Commuter_Buddy___CTA_VersionTests.swift */; };
		58F9D74D1FC5F115002FA4F2 /* Commuter_Buddy___CTA_VersionUITests.swift in Sources */ = {isa = PBXBuildFile; fileRef = 58F9D74C1FC5F115002FA4F2 /* Commuter_Buddy___CTA_VersionUITests.swift */; };
		58F9D75C1FC5F717002FA4F2 /* Main_ViewController.swift in Sources */ = {isa = PBXBuildFile; fileRef = 58F9D75B1FC5F717002FA4F2 /* Main_ViewController.swift */; };
		58F9D75E1FC5F8D3002FA4F2 /* CustomTableViewCell.swift in Sources */ = {isa = PBXBuildFile; fileRef = 58F9D75D1FC5F8D3002FA4F2 /* CustomTableViewCell.swift */; };
		58F9D7601FC5FD66002FA4F2 /* Lines.swift in Sources */ = {isa = PBXBuildFile; fileRef = 58F9D75F1FC5FD66002FA4F2 /* Lines.swift */; };
		6ADA740A1F5F01BA2E3E00B4 /* Pods_Commuter_Buddy___CTA_Version.framework in Frameworks */ = {isa = PBXBuildFile; fileRef = 1C2E12CCE4C86F3E06D6E639 /* Pods_Commuter_Buddy___CTA_Version.framework */; };
		7F838520B56F6D83A9DAA07D /* Pods_Commuter_Buddy___CTA_VersionUITests.framework in Frameworks */ = {isa = PBXBuildFile; fileRef = A1BDB21880209872E638B228 /* Pods_Commuter_Buddy___CTA_VersionUITests.framework */; };
		A81C71F5ACE42D4937336885 /* Pods_Commuter_Buddy___CTA_VersionTests.framework in Frameworks */ = {isa = PBXBuildFile; fileRef = A21C3D8ABF54E9867EE2FC73 /* Pods_Commuter_Buddy___CTA_VersionTests.framework */; };
		B702B0612240444C00CC2C54 /* UIKit.framework in Frameworks */ = {isa = PBXBuildFile; fileRef = C6477A461FC8D5CD00D1D388 /* UIKit.framework */; };
		B7537B3A223F5A90008FEEDF /* AlertsViewController.swift in Sources */ = {isa = PBXBuildFile; fileRef = B7537B39223F5A90008FEEDF /* AlertsViewController.swift */; };
		C6257DEB1FCB6FFE008EEF43 /* TitleTableViewCell.swift in Sources */ = {isa = PBXBuildFile; fileRef = C6257DEA1FCB6FFD008EEF43 /* TitleTableViewCell.swift */; };
		C6257DED1FCB821B008EEF43 /* FavoritesViewController.swift in Sources */ = {isa = PBXBuildFile; fileRef = C6257DEC1FCB821B008EEF43 /* FavoritesViewController.swift */; };
		C62E1B781FD0B1E6005496A1 /* Interface.storyboard in Resources */ = {isa = PBXBuildFile; fileRef = C62E1B761FD0B1E6005496A1 /* Interface.storyboard */; };
		C62E1B7A1FD0B1E6005496A1 /* Assets.xcassets in Resources */ = {isa = PBXBuildFile; fileRef = C62E1B791FD0B1E6005496A1 /* Assets.xcassets */; };
		C62E1B811FD0B1E6005496A1 /* Commuter Buddy Watch - CTA Version Extension.appex in Embed App Extensions */ = {isa = PBXBuildFile; fileRef = C62E1B801FD0B1E6005496A1 /* Commuter Buddy Watch - CTA Version Extension.appex */; settings = {ATTRIBUTES = (RemoveHeadersOnCopy, ); }; };
		C62E1B861FD0B1E6005496A1 /* InterfaceController.swift in Sources */ = {isa = PBXBuildFile; fileRef = C62E1B851FD0B1E6005496A1 /* InterfaceController.swift */; };
		C62E1B8A1FD0B1E6005496A1 /* NotificationController.swift in Sources */ = {isa = PBXBuildFile; fileRef = C62E1B891FD0B1E6005496A1 /* NotificationController.swift */; };
		C62E1B8C1FD0B1E6005496A1 /* Assets.xcassets in Resources */ = {isa = PBXBuildFile; fileRef = C62E1B8B1FD0B1E6005496A1 /* Assets.xcassets */; };
		C62E1B911FD0B1E6005496A1 /* Commuter Buddy Watch - CTA Version.app in Embed Watch Content */ = {isa = PBXBuildFile; fileRef = C62E1B741FD0B1E6005496A1 /* Commuter Buddy Watch - CTA Version.app */; };
		C63CFED51FCF1875003F799D /* AlertObject.swift in Sources */ = {isa = PBXBuildFile; fileRef = C63CFED41FCF1875003F799D /* AlertObject.swift */; };
		C6477A4C1FC8E31C00D1D388 /* Stations.swift in Sources */ = {isa = PBXBuildFile; fileRef = C6477A4B1FC8E31C00D1D388 /* Stations.swift */; };
		C65390CE1FD2177A007A7002 /* RowController.swift in Sources */ = {isa = PBXBuildFile; fileRef = C65390B11FD1D937007A7002 /* RowController.swift */; };
		C65390CF1FD2177E007A7002 /* StationsWatch.swift in Sources */ = {isa = PBXBuildFile; fileRef = C65390B71FD1EA10007A7002 /* StationsWatch.swift */; };
		C65390D01FD21782007A7002 /* RowControllerStations.swift in Sources */ = {isa = PBXBuildFile; fileRef = C65390BA1FD1FBAF007A7002 /* RowControllerStations.swift */; };
		C65579911FD9B1B500716E29 /* RoutesTableViewController.swift in Sources */ = {isa = PBXBuildFile; fileRef = C65579901FD9B1B500716E29 /* RoutesTableViewController.swift */; };
		C65579931FD9B36700716E29 /* Routes.swift in Sources */ = {isa = PBXBuildFile; fileRef = C65579921FD9B36700716E29 /* Routes.swift */; };
		C65579971FD9C36100716E29 /* DirectionsTableViewController.swift in Sources */ = {isa = PBXBuildFile; fileRef = C65579961FD9C36100716E29 /* DirectionsTableViewController.swift */; };
		C65579991FD9C67900716E29 /* Directions.swift in Sources */ = {isa = PBXBuildFile; fileRef = C65579981FD9C67900716E29 /* Directions.swift */; };
		C655799B1FD9D27900716E29 /* StopsTableViewController.swift in Sources */ = {isa = PBXBuildFile; fileRef = C655799A1FD9D27900716E29 /* StopsTableViewController.swift */; };
		C655799D1FD9D50100716E29 /* Stops.swift in Sources */ = {isa = PBXBuildFile; fileRef = C655799C1FD9D50100716E29 /* Stops.swift */; };
		C65AD3DA1FCDC34800F9FDD1 /* XMLParserAlerts.swift in Sources */ = {isa = PBXBuildFile; fileRef = C65AD3D91FCDC34800F9FDD1 /* XMLParserAlerts.swift */; };
		C670EA411FDB41690084A1E4 /* ArrivalBusStops.swift in Sources */ = {isa = PBXBuildFile; fileRef = C6F803BE1FDA1D060063C5E8 /* ArrivalBusStops.swift */; };
		C68E0E841FD3887C0056A544 /* Lines.swift in Sources */ = {isa = PBXBuildFile; fileRef = 58F9D75F1FC5FD66002FA4F2 /* Lines.swift */; };
		C68E0E891FD38D860056A544 /* Stations.swift in Sources */ = {isa = PBXBuildFile; fileRef = C6477A4B1FC8E31C00D1D388 /* Stations.swift */; };
		C6A15B0E1FD62A030059DBA7 /* Arrivals.swift in Sources */ = {isa = PBXBuildFile; fileRef = C6F66E051FC9410B007D5C5A /* Arrivals.swift */; };
		C6C0DDB81FE0746F0061252C /* FavoritesInterfaceController.swift in Sources */ = {isa = PBXBuildFile; fileRef = C6C0DDB71FE0746F0061252C /* FavoritesInterfaceController.swift */; };
		C6C0DDBA1FE074FF0061252C /* FavoritesRowController.swift in Sources */ = {isa = PBXBuildFile; fileRef = C6C0DDB91FE074FF0061252C /* FavoritesRowController.swift */; };
		C6DE50881FE0A3C500D6E817 /* AlertObject.swift in Sources */ = {isa = PBXBuildFile; fileRef = C63CFED41FCF1875003F799D /* AlertObject.swift */; };
		C6E42B5F1FDB03FA00FCDEC5 /* MainInterfaceController.swift in Sources */ = {isa = PBXBuildFile; fileRef = C6E42B5E1FDB03FA00FCDEC5 /* MainInterfaceController.swift */; };
		C6E42B611FDB05F000FCDEC5 /* BusesInterfaceController.swift in Sources */ = {isa = PBXBuildFile; fileRef = C6E42B601FDB05F000FCDEC5 /* BusesInterfaceController.swift */; };
		C6E42B631FDB064300FCDEC5 /* BusRowController.swift in Sources */ = {isa = PBXBuildFile; fileRef = C6E42B621FDB064300FCDEC5 /* BusRowController.swift */; };
		C6E42B641FDB07F200FCDEC5 /* Routes.swift in Sources */ = {isa = PBXBuildFile; fileRef = C65579921FD9B36700716E29 /* Routes.swift */; };
		C6E42B661FDB24A900FCDEC5 /* DirectionsInterfaceController.swift in Sources */ = {isa = PBXBuildFile; fileRef = C6E42B651FDB24A900FCDEC5 /* DirectionsInterfaceController.swift */; };
		C6E42B671FDB255F00FCDEC5 /* Directions.swift in Sources */ = {isa = PBXBuildFile; fileRef = C65579981FD9C67900716E29 /* Directions.swift */; };
		C6E42B691FDB272C00FCDEC5 /* DirectionsRowController.swift in Sources */ = {isa = PBXBuildFile; fileRef = C6E42B681FDB272C00FCDEC5 /* DirectionsRowController.swift */; };
		C6E42B6B1FDB2BE000FCDEC5 /* StopsInterfaceController.swift in Sources */ = {isa = PBXBuildFile; fileRef = C6E42B6A1FDB2BE000FCDEC5 /* StopsInterfaceController.swift */; };
		C6E42B6D1FDB2C4F00FCDEC5 /* StopRowController.swift in Sources */ = {isa = PBXBuildFile; fileRef = C6E42B6C1FDB2C4F00FCDEC5 /* StopRowController.swift */; };
		C6E42B6E1FDB2C6A00FCDEC5 /* Stops.swift in Sources */ = {isa = PBXBuildFile; fileRef = C655799C1FD9D50100716E29 /* Stops.swift */; };
		C6E42B701FDB360600FCDEC5 /* BusArrivalsInterfaceController.swift in Sources */ = {isa = PBXBuildFile; fileRef = C6E42B6F1FDB360600FCDEC5 /* BusArrivalsInterfaceController.swift */; };
		C6E42B741FDB3A4300FCDEC5 /* BusArrivalRowController.swift in Sources */ = {isa = PBXBuildFile; fileRef = C6E42B731FDB3A4300FCDEC5 /* BusArrivalRowController.swift */; };
		C6F66E041FC9388C007D5C5A /* ArrivalsViewController.swift in Sources */ = {isa = PBXBuildFile; fileRef = C6F66E031FC9388C007D5C5A /* ArrivalsViewController.swift */; };
		C6F66E061FC9410B007D5C5A /* Arrivals.swift in Sources */ = {isa = PBXBuildFile; fileRef = C6F66E051FC9410B007D5C5A /* Arrivals.swift */; };
		C6F803BB1FDA14830063C5E8 /* ArrivalStopsTableViewController.swift in Sources */ = {isa = PBXBuildFile; fileRef = C6F803BA1FDA14830063C5E8 /* ArrivalStopsTableViewController.swift */; };
		C6F803BD1FDA14F80063C5E8 /* StopsTableViewCell.swift in Sources */ = {isa = PBXBuildFile; fileRef = C6F803BC1FDA14F80063C5E8 /* StopsTableViewCell.swift */; };
		C6F803BF1FDA1D060063C5E8 /* ArrivalBusStops.swift in Sources */ = {isa = PBXBuildFile; fileRef = C6F803BE1FDA1D060063C5E8 /* ArrivalBusStops.swift */; };
		C6FA065A1FD5264F00422243 /* ArrivalsWatch.swift in Sources */ = {isa = PBXBuildFile; fileRef = C6FA06591FD5264F00422243 /* ArrivalsWatch.swift */; };
		C6FA06BE1FD5E82600422243 /* ArrivalController.swift in Sources */ = {isa = PBXBuildFile; fileRef = C6FA06BD1FD5E82600422243 /* ArrivalController.swift */; };
		C6FA06C41FD5F4DE00422243 /* Shared.swift in Sources */ = {isa = PBXBuildFile; fileRef = C6FA06C31FD5F4DE00422243 /* Shared.swift */; };
		C924E406212DA5350073034B /* ExtensionDelegate.swift in Sources */ = {isa = PBXBuildFile; fileRef = C62E1B871FD0B1E6005496A1 /* ExtensionDelegate.swift */; };
		C94274E5212CABF200A087DE /* ArrivalsTrain.storyboard in Resources */ = {isa = PBXBuildFile; fileRef = C94274E4212CABF200A087DE /* ArrivalsTrain.storyboard */; };
		C94274E8212CAC3D00A087DE /* StationsTrain.storyboard in Resources */ = {isa = PBXBuildFile; fileRef = C94274E7212CAC3D00A087DE /* StationsTrain.storyboard */; };
		C94274EA212CAC6300A087DE /* MainTrain.storyboard in Resources */ = {isa = PBXBuildFile; fileRef = C94274E9212CAC6300A087DE /* MainTrain.storyboard */; };
		C94274EC212CAC9700A087DE /* Alerts.storyboard in Resources */ = {isa = PBXBuildFile; fileRef = C94274EB212CAC9700A087DE /* Alerts.storyboard */; };
		C94274EE212CACD900A087DE /* Favorites.storyboard in Resources */ = {isa = PBXBuildFile; fileRef = C94274ED212CACD900A087DE /* Favorites.storyboard */; };
		C94274F0212CAD1100A087DE /* ArrivalsBus.storyboard in Resources */ = {isa = PBXBuildFile; fileRef = C94274EF212CAD1100A087DE /* ArrivalsBus.storyboard */; };
		C94274F2212CAD8B00A087DE /* StopsBus.storyboard in Resources */ = {isa = PBXBuildFile; fileRef = C94274F1212CAD8B00A087DE /* StopsBus.storyboard */; };
		C94274F4212CADD000A087DE /* DirectionsBus.storyboard in Resources */ = {isa = PBXBuildFile; fileRef = C94274F3212CADD000A087DE /* DirectionsBus.storyboard */; };
		C94274F6212CADEE00A087DE /* RoutesBus.storyboard in Resources */ = {isa = PBXBuildFile; fileRef = C94274F5212CADEE00A087DE /* RoutesBus.storyboard */; };
		C9457616212B653F00AC34F0 /* XMLDecodingStorage.swift in Sources */ = {isa = PBXBuildFile; fileRef = C9457611212B653E00AC34F0 /* XMLDecodingStorage.swift */; };
		C9457617212B653F00AC34F0 /* XMLUnkeyedDecodingContainer.swift in Sources */ = {isa = PBXBuildFile; fileRef = C9457612212B653F00AC34F0 /* XMLUnkeyedDecodingContainer.swift */; };
		C9457618212B653F00AC34F0 /* DecodingErrorExtension.swift in Sources */ = {isa = PBXBuildFile; fileRef = C9457613212B653F00AC34F0 /* DecodingErrorExtension.swift */; };
		C9457619212B653F00AC34F0 /* XMLDecoder.swift in Sources */ = {isa = PBXBuildFile; fileRef = C9457614212B653F00AC34F0 /* XMLDecoder.swift */; };
		C945761A212B653F00AC34F0 /* XMLKeyedDecodingContainer.swift in Sources */ = {isa = PBXBuildFile; fileRef = C9457615212B653F00AC34F0 /* XMLKeyedDecodingContainer.swift */; };
		C945761E212B658000AC34F0 /* XMLKey.swift in Sources */ = {isa = PBXBuildFile; fileRef = C945761B212B657F00AC34F0 /* XMLKey.swift */; };
		C945761F212B658000AC34F0 /* XMLStackParser.swift in Sources */ = {isa = PBXBuildFile; fileRef = C945761C212B658000AC34F0 /* XMLStackParser.swift */; };
		C9457620212B658000AC34F0 /* ISO8601DateFormatter.swift in Sources */ = {isa = PBXBuildFile; fileRef = C945761D212B658000AC34F0 /* ISO8601DateFormatter.swift */; };
		C947BD00212B559C006B7126 /* JSONManager.swift in Sources */ = {isa = PBXBuildFile; fileRef = C947BCFF212B559C006B7126 /* JSONManager.swift */; };
/* End PBXBuildFile section */

/* Begin PBXContainerItemProxy section */
		58F9D73E1FC5F115002FA4F2 /* PBXContainerItemProxy */ = {
			isa = PBXContainerItemProxy;
			containerPortal = 58F9D7211FC5F114002FA4F2 /* Project object */;
			proxyType = 1;
			remoteGlobalIDString = 58F9D7281FC5F115002FA4F2;
			remoteInfo = "Commuter Buddy - CTA Version";
		};
		58F9D7491FC5F115002FA4F2 /* PBXContainerItemProxy */ = {
			isa = PBXContainerItemProxy;
			containerPortal = 58F9D7211FC5F114002FA4F2 /* Project object */;
			proxyType = 1;
			remoteGlobalIDString = 58F9D7281FC5F115002FA4F2;
			remoteInfo = "Commuter Buddy - CTA Version";
		};
		C62E1B821FD0B1E6005496A1 /* PBXContainerItemProxy */ = {
			isa = PBXContainerItemProxy;
			containerPortal = 58F9D7211FC5F114002FA4F2 /* Project object */;
			proxyType = 1;
			remoteGlobalIDString = C62E1B7F1FD0B1E6005496A1;
			remoteInfo = "Commuter Buddy Watch - CTA Version Extension";
		};
		C62E1B8F1FD0B1E6005496A1 /* PBXContainerItemProxy */ = {
			isa = PBXContainerItemProxy;
			containerPortal = 58F9D7211FC5F114002FA4F2 /* Project object */;
			proxyType = 1;
			remoteGlobalIDString = C62E1B731FD0B1E6005496A1;
			remoteInfo = "Commuter Buddy Watch - CTA Version";
		};
/* End PBXContainerItemProxy section */

/* Begin PBXCopyFilesBuildPhase section */
		C62E1B951FD0B1E6005496A1 /* Embed App Extensions */ = {
			isa = PBXCopyFilesBuildPhase;
			buildActionMask = 2147483647;
			dstPath = "";
			dstSubfolderSpec = 13;
			files = (
				C62E1B811FD0B1E6005496A1 /* Commuter Buddy Watch - CTA Version Extension.appex in Embed App Extensions */,
			);
			name = "Embed App Extensions";
			runOnlyForDeploymentPostprocessing = 0;
		};
		C62E1B991FD0B1E6005496A1 /* Embed Watch Content */ = {
			isa = PBXCopyFilesBuildPhase;
			buildActionMask = 2147483647;
			dstPath = "$(CONTENTS_FOLDER_PATH)/Watch";
			dstSubfolderSpec = 16;
			files = (
				C62E1B911FD0B1E6005496A1 /* Commuter Buddy Watch - CTA Version.app in Embed Watch Content */,
			);
			name = "Embed Watch Content";
			runOnlyForDeploymentPostprocessing = 0;
		};
		C6FA06B81FD5BBDE00422243 /* Embed Frameworks */ = {
			isa = PBXCopyFilesBuildPhase;
			buildActionMask = 2147483647;
			dstPath = "";
			dstSubfolderSpec = 10;
			files = (
			);
			name = "Embed Frameworks";
			runOnlyForDeploymentPostprocessing = 0;
		};
/* End PBXCopyFilesBuildPhase section */

/* Begin PBXFileReference section */
		1BA9776B8704C4A0A9A31404 /* Pods-Commuter Buddy Watch - CTA Version Extension.debug.xcconfig */ = {isa = PBXFileReference; includeInIndex = 1; lastKnownFileType = text.xcconfig; name = "Pods-Commuter Buddy Watch - CTA Version Extension.debug.xcconfig"; path = "Pods/Target Support Files/Pods-Commuter Buddy Watch - CTA Version Extension/Pods-Commuter Buddy Watch - CTA Version Extension.debug.xcconfig"; sourceTree = "<group>"; };
		1C2E12CCE4C86F3E06D6E639 /* Pods_Commuter_Buddy___CTA_Version.framework */ = {isa = PBXFileReference; explicitFileType = wrapper.framework; includeInIndex = 0; path = "Pods_Commuter_Buddy___CTA_Version.framework"; sourceTree = BUILT_PRODUCTS_DIR; };
		2CF5F363AF4E15D2EFADBBDE /* Pods-Commuter Buddy - CTA VersionUITests.debug.xcconfig */ = {isa = PBXFileReference; includeInIndex = 1; lastKnownFileType = text.xcconfig; name = "Pods-Commuter Buddy - CTA VersionUITests.debug.xcconfig"; path = "Pods/Target Support Files/Pods-Commuter Buddy - CTA VersionUITests/Pods-Commuter Buddy - CTA VersionUITests.debug.xcconfig"; sourceTree = "<group>"; };
		5003D3AE644044FA3DEA6676 /* Pods-Commuter Buddy - CTA Version.debug.xcconfig */ = {isa = PBXFileReference; includeInIndex = 1; lastKnownFileType = text.xcconfig; name = "Pods-Commuter Buddy - CTA Version.debug.xcconfig"; path = "Pods/Target Support Files/Pods-Commuter Buddy - CTA Version/Pods-Commuter Buddy - CTA Version.debug.xcconfig"; sourceTree = "<group>"; };
		511437EF35D63D22D59AA738 /* libPods-Commuter Buddy Watch - CTA Version.a */ = {isa = PBXFileReference; explicitFileType = archive.ar; includeInIndex = 0; path = "libPods-Commuter Buddy Watch - CTA Version.a"; sourceTree = BUILT_PRODUCTS_DIR; };
		58B8AAB71FC734B90075E9BA /* StationsViewController.swift */ = {isa = PBXFileReference; lastKnownFileType = sourcecode.swift; path = StationsViewController.swift; sourceTree = "<group>"; };
		58F9D7291FC5F115002FA4F2 /* Commuter Buddy - CTA Version.app */ = {isa = PBXFileReference; explicitFileType = wrapper.application; includeInIndex = 0; path = "Commuter Buddy - CTA Version.app"; sourceTree = BUILT_PRODUCTS_DIR; };
		58F9D72C1FC5F115002FA4F2 /* AppDelegate.swift */ = {isa = PBXFileReference; lastKnownFileType = sourcecode.swift; path = AppDelegate.swift; sourceTree = "<group>"; };
		58F9D7311FC5F115002FA4F2 /* Base */ = {isa = PBXFileReference; lastKnownFileType = file.storyboard; name = Base; path = Base.lproj/Main.storyboard; sourceTree = "<group>"; };
		58F9D7331FC5F115002FA4F2 /* Assets.xcassets */ = {isa = PBXFileReference; lastKnownFileType = folder.assetcatalog; path = Assets.xcassets; sourceTree = "<group>"; };
		58F9D7361FC5F115002FA4F2 /* Base */ = {isa = PBXFileReference; lastKnownFileType = file.storyboard; name = Base; path = Base.lproj/LaunchScreen.storyboard; sourceTree = "<group>"; };
		58F9D7381FC5F115002FA4F2 /* Info.plist */ = {isa = PBXFileReference; lastKnownFileType = text.plist.xml; path = Info.plist; sourceTree = "<group>"; };
		58F9D73D1FC5F115002FA4F2 /* Commuter Buddy - CTA VersionTests.xctest */ = {isa = PBXFileReference; explicitFileType = wrapper.cfbundle; includeInIndex = 0; path = "Commuter Buddy - CTA VersionTests.xctest"; sourceTree = BUILT_PRODUCTS_DIR; };
		58F9D7411FC5F115002FA4F2 /* Commuter_Buddy___CTA_VersionTests.swift */ = {isa = PBXFileReference; lastKnownFileType = sourcecode.swift; path = "Commuter_Buddy___CTA_VersionTests.swift"; sourceTree = "<group>"; };
		58F9D7431FC5F115002FA4F2 /* Info.plist */ = {isa = PBXFileReference; lastKnownFileType = text.plist.xml; path = Info.plist; sourceTree = "<group>"; };
		58F9D7481FC5F115002FA4F2 /* Commuter Buddy - CTA VersionUITests.xctest */ = {isa = PBXFileReference; explicitFileType = wrapper.cfbundle; includeInIndex = 0; path = "Commuter Buddy - CTA VersionUITests.xctest"; sourceTree = BUILT_PRODUCTS_DIR; };
		58F9D74C1FC5F115002FA4F2 /* Commuter_Buddy___CTA_VersionUITests.swift */ = {isa = PBXFileReference; lastKnownFileType = sourcecode.swift; path = "Commuter_Buddy___CTA_VersionUITests.swift"; sourceTree = "<group>"; };
		58F9D74E1FC5F115002FA4F2 /* Info.plist */ = {isa = PBXFileReference; lastKnownFileType = text.plist.xml; path = Info.plist; sourceTree = "<group>"; };
		58F9D75B1FC5F717002FA4F2 /* Main_ViewController.swift */ = {isa = PBXFileReference; lastKnownFileType = sourcecode.swift; path = Main_ViewController.swift; sourceTree = "<group>"; };
		58F9D75D1FC5F8D3002FA4F2 /* CustomTableViewCell.swift */ = {isa = PBXFileReference; lastKnownFileType = sourcecode.swift; path = CustomTableViewCell.swift; sourceTree = "<group>"; };
		58F9D75F1FC5FD66002FA4F2 /* Lines.swift */ = {isa = PBXFileReference; lastKnownFileType = sourcecode.swift; path = Lines.swift; sourceTree = "<group>"; };
		61B9BE3A129AB7F7C5D3126C /* Pods-Commuter Buddy Watch - CTA Version Extension.release.xcconfig */ = {isa = PBXFileReference; includeInIndex = 1; lastKnownFileType = text.xcconfig; name = "Pods-Commuter Buddy Watch - CTA Version Extension.release.xcconfig"; path = "Pods/Target Support Files/Pods-Commuter Buddy Watch - CTA Version Extension/Pods-Commuter Buddy Watch - CTA Version Extension.release.xcconfig"; sourceTree = "<group>"; };
		73CBEDF5D2395DAB9882E8E6 /* Pods-Commuter Buddy - CTA Version.release.xcconfig */ = {isa = PBXFileReference; includeInIndex = 1; lastKnownFileType = text.xcconfig; name = "Pods-Commuter Buddy - CTA Version.release.xcconfig"; path = "Pods/Target Support Files/Pods-Commuter Buddy - CTA Version/Pods-Commuter Buddy - CTA Version.release.xcconfig"; sourceTree = "<group>"; };
		8240A3003288464E339A7DD2 /* Pods_Commuter_Buddy_Watch___CTA_Version_Extension.framework */ = {isa = PBXFileReference; explicitFileType = wrapper.framework; includeInIndex = 0; path = "Pods_Commuter_Buddy_Watch___CTA_Version_Extension.framework"; sourceTree = BUILT_PRODUCTS_DIR; };
		9F14AB29FDF7F83DAD55E202 /* Pods-Commuter Buddy Watch - CTA Version.debug.xcconfig */ = {isa = PBXFileReference; includeInIndex = 1; lastKnownFileType = text.xcconfig; name = "Pods-Commuter Buddy Watch - CTA Version.debug.xcconfig"; path = "Pods/Target Support Files/Pods-Commuter Buddy Watch - CTA Version/Pods-Commuter Buddy Watch - CTA Version.debug.xcconfig"; sourceTree = "<group>"; };
		A1BDB21880209872E638B228 /* Pods_Commuter_Buddy___CTA_VersionUITests.framework */ = {isa = PBXFileReference; explicitFileType = wrapper.framework; includeInIndex = 0; path = "Pods_Commuter_Buddy___CTA_VersionUITests.framework"; sourceTree = BUILT_PRODUCTS_DIR; };
		A21C3D8ABF54E9867EE2FC73 /* Pods_Commuter_Buddy___CTA_VersionTests.framework */ = {isa = PBXFileReference; explicitFileType = wrapper.framework; includeInIndex = 0; path = "Pods_Commuter_Buddy___CTA_VersionTests.framework"; sourceTree = BUILT_PRODUCTS_DIR; };
		AA8B061FEE1C7DD6EE60F8BD /* Pods-Commuter Buddy - CTA VersionTests.debug.xcconfig */ = {isa = PBXFileReference; includeInIndex = 1; lastKnownFileType = text.xcconfig; name = "Pods-Commuter Buddy - CTA VersionTests.debug.xcconfig"; path = "Pods/Target Support Files/Pods-Commuter Buddy - CTA VersionTests/Pods-Commuter Buddy - CTA VersionTests.debug.xcconfig"; sourceTree = "<group>"; };
		AECB5136E56C7B3E010AB313 /* Pods-Commuter Buddy - CTA VersionTests.release.xcconfig */ = {isa = PBXFileReference; includeInIndex = 1; lastKnownFileType = text.xcconfig; name = "Pods-Commuter Buddy - CTA VersionTests.release.xcconfig"; path = "Pods/Target Support Files/Pods-Commuter Buddy - CTA VersionTests/Pods-Commuter Buddy - CTA VersionTests.release.xcconfig"; sourceTree = "<group>"; };
		B7537B39223F5A90008FEEDF /* AlertsViewController.swift */ = {isa = PBXFileReference; lastKnownFileType = sourcecode.swift; path = AlertsViewController.swift; sourceTree = "<group>"; };
		C6257DEA1FCB6FFD008EEF43 /* TitleTableViewCell.swift */ = {isa = PBXFileReference; lastKnownFileType = sourcecode.swift; path = TitleTableViewCell.swift; sourceTree = "<group>"; };
		C6257DEC1FCB821B008EEF43 /* FavoritesViewController.swift */ = {isa = PBXFileReference; lastKnownFileType = sourcecode.swift; path = FavoritesViewController.swift; sourceTree = "<group>"; };
		C62E1B741FD0B1E6005496A1 /* Commuter Buddy Watch - CTA Version.app */ = {isa = PBXFileReference; explicitFileType = wrapper.application; includeInIndex = 0; path = "Commuter Buddy Watch - CTA Version.app"; sourceTree = BUILT_PRODUCTS_DIR; };
		C62E1B771FD0B1E6005496A1 /* Base */ = {isa = PBXFileReference; lastKnownFileType = file.storyboard; name = Base; path = Base.lproj/Interface.storyboard; sourceTree = "<group>"; };
		C62E1B791FD0B1E6005496A1 /* Assets.xcassets */ = {isa = PBXFileReference; lastKnownFileType = folder.assetcatalog; path = Assets.xcassets; sourceTree = "<group>"; };
		C62E1B7B1FD0B1E6005496A1 /* Info.plist */ = {isa = PBXFileReference; lastKnownFileType = text.plist.xml; path = Info.plist; sourceTree = "<group>"; };
		C62E1B801FD0B1E6005496A1 /* Commuter Buddy Watch - CTA Version Extension.appex */ = {isa = PBXFileReference; explicitFileType = "wrapper.app-extension"; includeInIndex = 0; path = "Commuter Buddy Watch - CTA Version Extension.appex"; sourceTree = BUILT_PRODUCTS_DIR; };
		C62E1B851FD0B1E6005496A1 /* InterfaceController.swift */ = {isa = PBXFileReference; lastKnownFileType = sourcecode.swift; path = InterfaceController.swift; sourceTree = "<group>"; };
		C62E1B871FD0B1E6005496A1 /* ExtensionDelegate.swift */ = {isa = PBXFileReference; lastKnownFileType = sourcecode.swift; path = ExtensionDelegate.swift; sourceTree = "<group>"; };
		C62E1B891FD0B1E6005496A1 /* NotificationController.swift */ = {isa = PBXFileReference; lastKnownFileType = sourcecode.swift; path = NotificationController.swift; sourceTree = "<group>"; };
		C62E1B8B1FD0B1E6005496A1 /* Assets.xcassets */ = {isa = PBXFileReference; lastKnownFileType = folder.assetcatalog; path = Assets.xcassets; sourceTree = "<group>"; };
		C62E1B8D1FD0B1E6005496A1 /* Info.plist */ = {isa = PBXFileReference; lastKnownFileType = text.plist.xml; path = Info.plist; sourceTree = "<group>"; };
		C62E1B8E1FD0B1E6005496A1 /* PushNotificationPayload.apns */ = {isa = PBXFileReference; lastKnownFileType = text; path = PushNotificationPayload.apns; sourceTree = "<group>"; };
		C63CFED41FCF1875003F799D /* AlertObject.swift */ = {isa = PBXFileReference; lastKnownFileType = sourcecode.swift; path = AlertObject.swift; sourceTree = "<group>"; };
		C63CFED61FCF1EDB003F799D /* Commuter Buddy - CTA Version.entitlements */ = {isa = PBXFileReference; lastKnownFileType = text.plist.entitlements; path = "Commuter Buddy - CTA Version.entitlements"; sourceTree = "<group>"; };
		C6477A461FC8D5CD00D1D388 /* UIKit.framework */ = {isa = PBXFileReference; lastKnownFileType = wrapper.framework; name = UIKit.framework; path = System/Library/Frameworks/UIKit.framework; sourceTree = SDKROOT; };
		C6477A4B1FC8E31C00D1D388 /* Stations.swift */ = {isa = PBXFileReference; lastKnownFileType = sourcecode.swift; path = Stations.swift; sourceTree = "<group>"; };
		C65390B11FD1D937007A7002 /* RowController.swift */ = {isa = PBXFileReference; lastKnownFileType = sourcecode.swift; path = RowController.swift; sourceTree = "<group>"; };
		C65390B71FD1EA10007A7002 /* StationsWatch.swift */ = {isa = PBXFileReference; lastKnownFileType = sourcecode.swift; path = StationsWatch.swift; sourceTree = "<group>"; };
		C65390BA1FD1FBAF007A7002 /* RowControllerStations.swift */ = {isa = PBXFileReference; lastKnownFileType = sourcecode.swift; path = RowControllerStations.swift; sourceTree = "<group>"; };
		C65579901FD9B1B500716E29 /* RoutesTableViewController.swift */ = {isa = PBXFileReference; lastKnownFileType = sourcecode.swift; path = RoutesTableViewController.swift; sourceTree = "<group>"; };
		C65579921FD9B36700716E29 /* Routes.swift */ = {isa = PBXFileReference; lastKnownFileType = sourcecode.swift; path = Routes.swift; sourceTree = "<group>"; };
		C65579961FD9C36100716E29 /* DirectionsTableViewController.swift */ = {isa = PBXFileReference; lastKnownFileType = sourcecode.swift; path = DirectionsTableViewController.swift; sourceTree = "<group>"; };
		C65579981FD9C67900716E29 /* Directions.swift */ = {isa = PBXFileReference; lastKnownFileType = sourcecode.swift; path = Directions.swift; sourceTree = "<group>"; };
		C655799A1FD9D27900716E29 /* StopsTableViewController.swift */ = {isa = PBXFileReference; lastKnownFileType = sourcecode.swift; path = StopsTableViewController.swift; sourceTree = "<group>"; };
		C655799C1FD9D50100716E29 /* Stops.swift */ = {isa = PBXFileReference; lastKnownFileType = sourcecode.swift; path = Stops.swift; sourceTree = "<group>"; };
		C65AD3D91FCDC34800F9FDD1 /* XMLParserAlerts.swift */ = {isa = PBXFileReference; lastKnownFileType = sourcecode.swift; path = XMLParserAlerts.swift; sourceTree = "<group>"; };
		C68E0E801FD37CCA0056A544 /* Commuter Buddy Watch - CTA Version Extension.entitlements */ = {isa = PBXFileReference; lastKnownFileType = text.plist.entitlements; path = "Commuter Buddy Watch - CTA Version Extension.entitlements"; sourceTree = "<group>"; };
		C68E0E811FD37CFE0056A544 /* Commuter Buddy Watch - CTA Version.entitlements */ = {isa = PBXFileReference; lastKnownFileType = text.plist.entitlements; path = "Commuter Buddy Watch - CTA Version.entitlements"; sourceTree = "<group>"; };
		C6C0DDB71FE0746F0061252C /* FavoritesInterfaceController.swift */ = {isa = PBXFileReference; lastKnownFileType = sourcecode.swift; path = FavoritesInterfaceController.swift; sourceTree = "<group>"; };
		C6C0DDB91FE074FF0061252C /* FavoritesRowController.swift */ = {isa = PBXFileReference; lastKnownFileType = sourcecode.swift; path = FavoritesRowController.swift; sourceTree = "<group>"; };
		C6E42B5E1FDB03FA00FCDEC5 /* MainInterfaceController.swift */ = {isa = PBXFileReference; lastKnownFileType = sourcecode.swift; path = MainInterfaceController.swift; sourceTree = "<group>"; };
		C6E42B601FDB05F000FCDEC5 /* BusesInterfaceController.swift */ = {isa = PBXFileReference; lastKnownFileType = sourcecode.swift; path = BusesInterfaceController.swift; sourceTree = "<group>"; };
		C6E42B621FDB064300FCDEC5 /* BusRowController.swift */ = {isa = PBXFileReference; lastKnownFileType = sourcecode.swift; path = BusRowController.swift; sourceTree = "<group>"; };
		C6E42B651FDB24A900FCDEC5 /* DirectionsInterfaceController.swift */ = {isa = PBXFileReference; lastKnownFileType = sourcecode.swift; path = DirectionsInterfaceController.swift; sourceTree = "<group>"; };
		C6E42B681FDB272C00FCDEC5 /* DirectionsRowController.swift */ = {isa = PBXFileReference; lastKnownFileType = sourcecode.swift; path = DirectionsRowController.swift; sourceTree = "<group>"; };
		C6E42B6A1FDB2BE000FCDEC5 /* StopsInterfaceController.swift */ = {isa = PBXFileReference; lastKnownFileType = sourcecode.swift; path = StopsInterfaceController.swift; sourceTree = "<group>"; };
		C6E42B6C1FDB2C4F00FCDEC5 /* StopRowController.swift */ = {isa = PBXFileReference; lastKnownFileType = sourcecode.swift; path = StopRowController.swift; sourceTree = "<group>"; };
		C6E42B6F1FDB360600FCDEC5 /* BusArrivalsInterfaceController.swift */ = {isa = PBXFileReference; lastKnownFileType = sourcecode.swift; path = BusArrivalsInterfaceController.swift; sourceTree = "<group>"; };
		C6E42B731FDB3A4300FCDEC5 /* BusArrivalRowController.swift */ = {isa = PBXFileReference; lastKnownFileType = sourcecode.swift; path = BusArrivalRowController.swift; sourceTree = "<group>"; };
		C6F66E031FC9388C007D5C5A /* ArrivalsViewController.swift */ = {isa = PBXFileReference; lastKnownFileType = sourcecode.swift; path = ArrivalsViewController.swift; sourceTree = "<group>"; };
		C6F66E051FC9410B007D5C5A /* Arrivals.swift */ = {isa = PBXFileReference; lastKnownFileType = sourcecode.swift; path = Arrivals.swift; sourceTree = "<group>"; };
		C6F803BA1FDA14830063C5E8 /* ArrivalStopsTableViewController.swift */ = {isa = PBXFileReference; lastKnownFileType = sourcecode.swift; path = ArrivalStopsTableViewController.swift; sourceTree = "<group>"; };
		C6F803BC1FDA14F80063C5E8 /* StopsTableViewCell.swift */ = {isa = PBXFileReference; lastKnownFileType = sourcecode.swift; path = StopsTableViewCell.swift; sourceTree = "<group>"; };
		C6F803BE1FDA1D060063C5E8 /* ArrivalBusStops.swift */ = {isa = PBXFileReference; lastKnownFileType = sourcecode.swift; path = ArrivalBusStops.swift; sourceTree = "<group>"; };
		C6FA06591FD5264F00422243 /* ArrivalsWatch.swift */ = {isa = PBXFileReference; lastKnownFileType = sourcecode.swift; path = ArrivalsWatch.swift; sourceTree = "<group>"; };
		C6FA06BD1FD5E82600422243 /* ArrivalController.swift */ = {isa = PBXFileReference; lastKnownFileType = sourcecode.swift; path = ArrivalController.swift; sourceTree = "<group>"; };
		C6FA06C31FD5F4DE00422243 /* Shared.swift */ = {isa = PBXFileReference; lastKnownFileType = sourcecode.swift; path = Shared.swift; sourceTree = "<group>"; };
		C94274E4212CABF200A087DE /* ArrivalsTrain.storyboard */ = {isa = PBXFileReference; fileEncoding = 4; lastKnownFileType = file.storyboard; path = ArrivalsTrain.storyboard; sourceTree = "<group>"; };
		C94274E7212CAC3D00A087DE /* StationsTrain.storyboard */ = {isa = PBXFileReference; fileEncoding = 4; lastKnownFileType = file.storyboard; path = StationsTrain.storyboard; sourceTree = "<group>"; };
		C94274E9212CAC6300A087DE /* MainTrain.storyboard */ = {isa = PBXFileReference; fileEncoding = 4; lastKnownFileType = file.storyboard; path = MainTrain.storyboard; sourceTree = "<group>"; };
		C94274EB212CAC9700A087DE /* Alerts.storyboard */ = {isa = PBXFileReference; fileEncoding = 4; lastKnownFileType = file.storyboard; path = Alerts.storyboard; sourceTree = "<group>"; };
		C94274ED212CACD900A087DE /* Favorites.storyboard */ = {isa = PBXFileReference; fileEncoding = 4; lastKnownFileType = file.storyboard; path = Favorites.storyboard; sourceTree = "<group>"; };
		C94274EF212CAD1100A087DE /* ArrivalsBus.storyboard */ = {isa = PBXFileReference; fileEncoding = 4; lastKnownFileType = file.storyboard; path = ArrivalsBus.storyboard; sourceTree = "<group>"; };
		C94274F1212CAD8B00A087DE /* StopsBus.storyboard */ = {isa = PBXFileReference; fileEncoding = 4; lastKnownFileType = file.storyboard; path = StopsBus.storyboard; sourceTree = "<group>"; };
		C94274F3212CADD000A087DE /* DirectionsBus.storyboard */ = {isa = PBXFileReference; fileEncoding = 4; lastKnownFileType = file.storyboard; path = DirectionsBus.storyboard; sourceTree = "<group>"; };
		C94274F5212CADEE00A087DE /* RoutesBus.storyboard */ = {isa = PBXFileReference; fileEncoding = 4; lastKnownFileType = file.storyboard; path = RoutesBus.storyboard; sourceTree = "<group>"; };
		C9457611212B653E00AC34F0 /* XMLDecodingStorage.swift */ = {isa = PBXFileReference; fileEncoding = 4; lastKnownFileType = sourcecode.swift; path = XMLDecodingStorage.swift; sourceTree = "<group>"; };
		C9457612212B653F00AC34F0 /* XMLUnkeyedDecodingContainer.swift */ = {isa = PBXFileReference; fileEncoding = 4; lastKnownFileType = sourcecode.swift; path = XMLUnkeyedDecodingContainer.swift; sourceTree = "<group>"; };
		C9457613212B653F00AC34F0 /* DecodingErrorExtension.swift */ = {isa = PBXFileReference; fileEncoding = 4; lastKnownFileType = sourcecode.swift; path = DecodingErrorExtension.swift; sourceTree = "<group>"; };
		C9457614212B653F00AC34F0 /* XMLDecoder.swift */ = {isa = PBXFileReference; fileEncoding = 4; lastKnownFileType = sourcecode.swift; path = XMLDecoder.swift; sourceTree = "<group>"; };
		C9457615212B653F00AC34F0 /* XMLKeyedDecodingContainer.swift */ = {isa = PBXFileReference; fileEncoding = 4; lastKnownFileType = sourcecode.swift; path = XMLKeyedDecodingContainer.swift; sourceTree = "<group>"; };
		C945761B212B657F00AC34F0 /* XMLKey.swift */ = {isa = PBXFileReference; fileEncoding = 4; lastKnownFileType = sourcecode.swift; path = XMLKey.swift; sourceTree = "<group>"; };
		C945761C212B658000AC34F0 /* XMLStackParser.swift */ = {isa = PBXFileReference; fileEncoding = 4; lastKnownFileType = sourcecode.swift; path = XMLStackParser.swift; sourceTree = "<group>"; };
		C945761D212B658000AC34F0 /* ISO8601DateFormatter.swift */ = {isa = PBXFileReference; fileEncoding = 4; lastKnownFileType = sourcecode.swift; path = ISO8601DateFormatter.swift; sourceTree = "<group>"; };
		C947BCFF212B559C006B7126 /* JSONManager.swift */ = {isa = PBXFileReference; fileEncoding = 4; lastKnownFileType = sourcecode.swift; path = JSONManager.swift; sourceTree = "<group>"; };
		CB5C91ECD98166BF6D5C60C0 /* Pods-Commuter Buddy Watch - CTA Version.release.xcconfig */ = {isa = PBXFileReference; includeInIndex = 1; lastKnownFileType = text.xcconfig; name = "Pods-Commuter Buddy Watch - CTA Version.release.xcconfig"; path = "Pods/Target Support Files/Pods-Commuter Buddy Watch - CTA Version/Pods-Commuter Buddy Watch - CTA Version.release.xcconfig"; sourceTree = "<group>"; };
		EAECD67F8220B1D04A845552 /* Pods-Commuter Buddy - CTA VersionUITests.release.xcconfig */ = {isa = PBXFileReference; includeInIndex = 1; lastKnownFileType = text.xcconfig; name = "Pods-Commuter Buddy - CTA VersionUITests.release.xcconfig"; path = "Pods/Target Support Files/Pods-Commuter Buddy - CTA VersionUITests/Pods-Commuter Buddy - CTA VersionUITests.release.xcconfig"; sourceTree = "<group>"; };
/* End PBXFileReference section */

/* Begin PBXFrameworksBuildPhase section */
		4A18CEFB89B3F14989E52DCF /* Frameworks */ = {
			isa = PBXFrameworksBuildPhase;
			buildActionMask = 2147483647;
			files = (
				264A54CFD61606869D98294C /* libPods-Commuter Buddy Watch - CTA Version.a in Frameworks */,
			);
			runOnlyForDeploymentPostprocessing = 0;
		};
		58F9D7261FC5F115002FA4F2 /* Frameworks */ = {
			isa = PBXFrameworksBuildPhase;
			buildActionMask = 2147483647;
			files = (
				B702B0612240444C00CC2C54 /* UIKit.framework in Frameworks */,
				6ADA740A1F5F01BA2E3E00B4 /* Pods_Commuter_Buddy___CTA_Version.framework in Frameworks */,
			);
			runOnlyForDeploymentPostprocessing = 0;
		};
		58F9D73A1FC5F115002FA4F2 /* Frameworks */ = {
			isa = PBXFrameworksBuildPhase;
			buildActionMask = 2147483647;
			files = (
				A81C71F5ACE42D4937336885 /* Pods_Commuter_Buddy___CTA_VersionTests.framework in Frameworks */,
			);
			runOnlyForDeploymentPostprocessing = 0;
		};
		58F9D7451FC5F115002FA4F2 /* Frameworks */ = {
			isa = PBXFrameworksBuildPhase;
			buildActionMask = 2147483647;
			files = (
				7F838520B56F6D83A9DAA07D /* Pods_Commuter_Buddy___CTA_VersionUITests.framework in Frameworks */,
			);
			runOnlyForDeploymentPostprocessing = 0;
		};
		C62E1B7D1FD0B1E6005496A1 /* Frameworks */ = {
			isa = PBXFrameworksBuildPhase;
			buildActionMask = 2147483647;
			files = (
				545777DB2A17045A8EFCDE82 /* Pods_Commuter_Buddy_Watch___CTA_Version_Extension.framework in Frameworks */,
			);
			runOnlyForDeploymentPostprocessing = 0;
		};
/* End PBXFrameworksBuildPhase section */

/* Begin PBXGroup section */
		58F9D7201FC5F114002FA4F2 = {
			isa = PBXGroup;
			children = (
				58F9D72C1FC5F115002FA4F2 /* AppDelegate.swift */,
				58F9D72B1FC5F115002FA4F2 /* Commuter Buddy - CTA Version */,
				58F9D7401FC5F115002FA4F2 /* Commuter Buddy - CTA VersionTests */,
				58F9D74B1FC5F115002FA4F2 /* Commuter Buddy - CTA VersionUITests */,
				C62E1B751FD0B1E6005496A1 /* Commuter Buddy Watch - CTA Version */,
				C62E1B841FD0B1E6005496A1 /* Commuter Buddy Watch - CTA Version Extension */,
				58F9D72A1FC5F115002FA4F2 /* Products */,
				773E1EE560DF775F585E3D7F /* Frameworks */,
				A3EE113E56608BC087B51695 /* Pods */,
			);
			sourceTree = "<group>";
		};
		58F9D72A1FC5F115002FA4F2 /* Products */ = {
			isa = PBXGroup;
			children = (
				58F9D7291FC5F115002FA4F2 /* Commuter Buddy - CTA Version.app */,
				58F9D73D1FC5F115002FA4F2 /* Commuter Buddy - CTA VersionTests.xctest */,
				58F9D7481FC5F115002FA4F2 /* Commuter Buddy - CTA VersionUITests.xctest */,
				C62E1B741FD0B1E6005496A1 /* Commuter Buddy Watch - CTA Version.app */,
				C62E1B801FD0B1E6005496A1 /* Commuter Buddy Watch - CTA Version Extension.appex */,
			);
			name = Products;
			sourceTree = "<group>";
		};
		58F9D72B1FC5F115002FA4F2 /* Commuter Buddy - CTA Version */ = {
			isa = PBXGroup;
			children = (
				C94274E6212CAC0700A087DE /* Storyboards */,
				C9459183212B3C48004F354E /* Shared */,
				C9459182212B3C20004F354E /* Cells */,
				C9459181212B3BF2004F354E /* Views */,
				C63CFED61FCF1EDB003F799D /* Commuter Buddy - CTA Version.entitlements */,
				58F9D7331FC5F115002FA4F2 /* Assets.xcassets */,
				58F9D7351FC5F115002FA4F2 /* LaunchScreen.storyboard */,
				58F9D7381FC5F115002FA4F2 /* Info.plist */,
			);
			path = "Commuter Buddy - CTA Version";
			sourceTree = "<group>";
		};
		58F9D7401FC5F115002FA4F2 /* Commuter Buddy - CTA VersionTests */ = {
			isa = PBXGroup;
			children = (
				58F9D7411FC5F115002FA4F2 /* Commuter_Buddy___CTA_VersionTests.swift */,
				58F9D7431FC5F115002FA4F2 /* Info.plist */,
			);
			path = "Commuter Buddy - CTA VersionTests";
			sourceTree = "<group>";
		};
		58F9D74B1FC5F115002FA4F2 /* Commuter Buddy - CTA VersionUITests */ = {
			isa = PBXGroup;
			children = (
				58F9D74C1FC5F115002FA4F2 /* Commuter_Buddy___CTA_VersionUITests.swift */,
				58F9D74E1FC5F115002FA4F2 /* Info.plist */,
			);
			path = "Commuter Buddy - CTA VersionUITests";
			sourceTree = "<group>";
		};
		773E1EE560DF775F585E3D7F /* Frameworks */ = {
			isa = PBXGroup;
			children = (
				C6477A461FC8D5CD00D1D388 /* UIKit.framework */,
				1C2E12CCE4C86F3E06D6E639 /* Pods_Commuter_Buddy___CTA_Version.framework */,
				A21C3D8ABF54E9867EE2FC73 /* Pods_Commuter_Buddy___CTA_VersionTests.framework */,
				A1BDB21880209872E638B228 /* Pods_Commuter_Buddy___CTA_VersionUITests.framework */,
				511437EF35D63D22D59AA738 /* libPods-Commuter Buddy Watch - CTA Version.a */,
				8240A3003288464E339A7DD2 /* Pods_Commuter_Buddy_Watch___CTA_Version_Extension.framework */,
			);
			name = Frameworks;
			sourceTree = "<group>";
		};
		A3EE113E56608BC087B51695 /* Pods */ = {
			isa = PBXGroup;
			children = (
				5003D3AE644044FA3DEA6676 /* Pods-Commuter Buddy - CTA Version.debug.xcconfig */,
				73CBEDF5D2395DAB9882E8E6 /* Pods-Commuter Buddy - CTA Version.release.xcconfig */,
				AA8B061FEE1C7DD6EE60F8BD /* Pods-Commuter Buddy - CTA VersionTests.debug.xcconfig */,
				AECB5136E56C7B3E010AB313 /* Pods-Commuter Buddy - CTA VersionTests.release.xcconfig */,
				2CF5F363AF4E15D2EFADBBDE /* Pods-Commuter Buddy - CTA VersionUITests.debug.xcconfig */,
				EAECD67F8220B1D04A845552 /* Pods-Commuter Buddy - CTA VersionUITests.release.xcconfig */,
				9F14AB29FDF7F83DAD55E202 /* Pods-Commuter Buddy Watch - CTA Version.debug.xcconfig */,
				CB5C91ECD98166BF6D5C60C0 /* Pods-Commuter Buddy Watch - CTA Version.release.xcconfig */,
				1BA9776B8704C4A0A9A31404 /* Pods-Commuter Buddy Watch - CTA Version Extension.debug.xcconfig */,
				61B9BE3A129AB7F7C5D3126C /* Pods-Commuter Buddy Watch - CTA Version Extension.release.xcconfig */,
			);
			name = Pods;
			sourceTree = "<group>";
		};
		C62E1B751FD0B1E6005496A1 /* Commuter Buddy Watch - CTA Version */ = {
			isa = PBXGroup;
			children = (
				C68E0E811FD37CFE0056A544 /* Commuter Buddy Watch - CTA Version.entitlements */,
				C62E1B761FD0B1E6005496A1 /* Interface.storyboard */,
				C6C0DDB91FE074FF0061252C /* FavoritesRowController.swift */,
				C6C0DDB71FE0746F0061252C /* FavoritesInterfaceController.swift */,
				C6E42B6C1FDB2C4F00FCDEC5 /* StopRowController.swift */,
				C6E42B731FDB3A4300FCDEC5 /* BusArrivalRowController.swift */,
				C6E42B681FDB272C00FCDEC5 /* DirectionsRowController.swift */,
				C6E42B651FDB24A900FCDEC5 /* DirectionsInterfaceController.swift */,
				C6E42B621FDB064300FCDEC5 /* BusRowController.swift */,
				C6E42B601FDB05F000FCDEC5 /* BusesInterfaceController.swift */,
				C6E42B6F1FDB360600FCDEC5 /* BusArrivalsInterfaceController.swift */,
				C6E42B5E1FDB03FA00FCDEC5 /* MainInterfaceController.swift */,
				C6FA06BD1FD5E82600422243 /* ArrivalController.swift */,
				C65390BA1FD1FBAF007A7002 /* RowControllerStations.swift */,
				C65390B11FD1D937007A7002 /* RowController.swift */,
				C6FA06591FD5264F00422243 /* ArrivalsWatch.swift */,
				C65390B71FD1EA10007A7002 /* StationsWatch.swift */,
				C6E42B6A1FDB2BE000FCDEC5 /* StopsInterfaceController.swift */,
				C62E1B791FD0B1E6005496A1 /* Assets.xcassets */,
				C62E1B7B1FD0B1E6005496A1 /* Info.plist */,
			);
			path = "Commuter Buddy Watch - CTA Version";
			sourceTree = "<group>";
		};
		C62E1B841FD0B1E6005496A1 /* Commuter Buddy Watch - CTA Version Extension */ = {
			isa = PBXGroup;
			children = (
				C68E0E801FD37CCA0056A544 /* Commuter Buddy Watch - CTA Version Extension.entitlements */,
				C62E1B851FD0B1E6005496A1 /* InterfaceController.swift */,
				C62E1B871FD0B1E6005496A1 /* ExtensionDelegate.swift */,
				C62E1B891FD0B1E6005496A1 /* NotificationController.swift */,
				C62E1B8B1FD0B1E6005496A1 /* Assets.xcassets */,
				C62E1B8D1FD0B1E6005496A1 /* Info.plist */,
				C62E1B8E1FD0B1E6005496A1 /* PushNotificationPayload.apns */,
			);
			path = "Commuter Buddy Watch - CTA Version Extension";
			sourceTree = "<group>";
		};
		C94274DC212C580100A087DE /* Codable_Classes */ = {
			isa = PBXGroup;
			children = (
				C9457613212B653F00AC34F0 /* DecodingErrorExtension.swift */,
				C9457614212B653F00AC34F0 /* XMLDecoder.swift */,
				C9457611212B653E00AC34F0 /* XMLDecodingStorage.swift */,
				C9457615212B653F00AC34F0 /* XMLKeyedDecodingContainer.swift */,
				C945761D212B658000AC34F0 /* ISO8601DateFormatter.swift */,
				C945761B212B657F00AC34F0 /* XMLKey.swift */,
				C945761C212B658000AC34F0 /* XMLStackParser.swift */,
				C9457612212B653F00AC34F0 /* XMLUnkeyedDecodingContainer.swift */,
			);
			path = Codable_Classes;
			sourceTree = "<group>";
		};
		C94274E1212C772200A087DE /* Trains */ = {
			isa = PBXGroup;
			children = (
				C6F66E031FC9388C007D5C5A /* ArrivalsViewController.swift */,
				58F9D75B1FC5F717002FA4F2 /* Main_ViewController.swift */,
				58B8AAB71FC734B90075E9BA /* StationsViewController.swift */,
			);
			path = Trains;
			sourceTree = "<group>";
		};
		C94274E2212C773200A087DE /* Buses */ = {
			isa = PBXGroup;
			children = (
				C65579901FD9B1B500716E29 /* RoutesTableViewController.swift */,
				C65579961FD9C36100716E29 /* DirectionsTableViewController.swift */,
				C655799A1FD9D27900716E29 /* StopsTableViewController.swift */,
				C6F803BA1FDA14830063C5E8 /* ArrivalStopsTableViewController.swift */,
			);
			path = Buses;
			sourceTree = "<group>";
		};
		C94274E3212C774400A087DE /* Favorites */ = {
			isa = PBXGroup;
			children = (
				C6257DEC1FCB821B008EEF43 /* FavoritesViewController.swift */,
			);
			path = Favorites;
			sourceTree = "<group>";
		};
		C94274E6212CAC0700A087DE /* Storyboards */ = {
			isa = PBXGroup;
			children = (
				58F9D7301FC5F115002FA4F2 /* Main.storyboard */,
				C94274F8212CAE9600A087DE /* Bus */,
				C94274F7212CAE7C00A087DE /* Train */,
				C94274EB212CAC9700A087DE /* Alerts.storyboard */,
				C94274ED212CACD900A087DE /* Favorites.storyboard */,
			);
			path = Storyboards;
			sourceTree = "<group>";
		};
		C94274F7212CAE7C00A087DE /* Train */ = {
			isa = PBXGroup;
			children = (
				C94274E4212CABF200A087DE /* ArrivalsTrain.storyboard */,
				C94274E7212CAC3D00A087DE /* StationsTrain.storyboard */,
				C94274E9212CAC6300A087DE /* MainTrain.storyboard */,
			);
			path = Train;
			sourceTree = "<group>";
		};
		C94274F8212CAE9600A087DE /* Bus */ = {
			isa = PBXGroup;
			children = (
				C94274F5212CADEE00A087DE /* RoutesBus.storyboard */,
				C94274F3212CADD000A087DE /* DirectionsBus.storyboard */,
				C94274F1212CAD8B00A087DE /* StopsBus.storyboard */,
				C94274EF212CAD1100A087DE /* ArrivalsBus.storyboard */,
			);
			path = Bus;
			sourceTree = "<group>";
		};
		C9457621212B661700AC34F0 /* XML */ = {
			isa = PBXGroup;
			children = (
				C65AD3D91FCDC34800F9FDD1 /* XMLParserAlerts.swift */,
				C94274DC212C580100A087DE /* Codable_Classes */,
			);
			path = XML;
			sourceTree = "<group>";
		};
		C9459181212B3BF2004F354E /* Views */ = {
			isa = PBXGroup;
			children = (
				B7537B39223F5A90008FEEDF /* AlertsViewController.swift */,
				C94274E3212C774400A087DE /* Favorites */,
				C94274E2212C773200A087DE /* Buses */,
				C94274E1212C772200A087DE /* Trains */,
			);
			path = Views;
			sourceTree = "<group>";
		};
		C9459182212B3C20004F354E /* Cells */ = {
			isa = PBXGroup;
			children = (
				58F9D75D1FC5F8D3002FA4F2 /* CustomTableViewCell.swift */,
				C6257DEA1FCB6FFD008EEF43 /* TitleTableViewCell.swift */,
				C6F803BC1FDA14F80063C5E8 /* StopsTableViewCell.swift */,
			);
			path = Cells;
			sourceTree = "<group>";
		};
		C9459183212B3C48004F354E /* Shared */ = {
			isa = PBXGroup;
			children = (
				C6FA06C31FD5F4DE00422243 /* Shared.swift */,
				C6F66E051FC9410B007D5C5A /* Arrivals.swift */,
				58F9D75F1FC5FD66002FA4F2 /* Lines.swift */,
				C63CFED41FCF1875003F799D /* AlertObject.swift */,
				C65579921FD9B36700716E29 /* Routes.swift */,
				C655799C1FD9D50100716E29 /* Stops.swift */,
				C6F803BE1FDA1D060063C5E8 /* ArrivalBusStops.swift */,
				C65579981FD9C67900716E29 /* Directions.swift */,
				C6477A4B1FC8E31C00D1D388 /* Stations.swift */,
				C9459184212B3C86004F354E /* URL */,
			);
			path = Shared;
			sourceTree = "<group>";
		};
		C9459184212B3C86004F354E /* URL */ = {
			isa = PBXGroup;
			children = (
				C947BCFF212B559C006B7126 /* JSONManager.swift */,
				C9457621212B661700AC34F0 /* XML */,
			);
			path = URL;
			sourceTree = "<group>";
		};
/* End PBXGroup section */

/* Begin PBXNativeTarget section */
		58F9D7281FC5F115002FA4F2 /* Commuter Buddy - CTA Version */ = {
			isa = PBXNativeTarget;
			buildConfigurationList = 58F9D7511FC5F115002FA4F2 /* Build configuration list for PBXNativeTarget "Commuter Buddy - CTA Version" */;
			buildPhases = (
				7FC43B6646DF2AFDD5AED169 /* [CP] Check Pods Manifest.lock */,
				58F9D7251FC5F115002FA4F2 /* Sources */,
				58F9D7261FC5F115002FA4F2 /* Frameworks */,
				58F9D7271FC5F115002FA4F2 /* Resources */,
				C62E1B991FD0B1E6005496A1 /* Embed Watch Content */,
			);
			buildRules = (
			);
			dependencies = (
				C62E1B901FD0B1E6005496A1 /* PBXTargetDependency */,
			);
			name = "Commuter Buddy - CTA Version";
			productName = "Commuter Buddy - CTA Version";
			productReference = 58F9D7291FC5F115002FA4F2 /* Commuter Buddy - CTA Version.app */;
			productType = "com.apple.product-type.application";
		};
		58F9D73C1FC5F115002FA4F2 /* Commuter Buddy - CTA VersionTests */ = {
			isa = PBXNativeTarget;
			buildConfigurationList = 58F9D7541FC5F115002FA4F2 /* Build configuration list for PBXNativeTarget "Commuter Buddy - CTA VersionTests" */;
			buildPhases = (
				89EF762948AA617134DBB7AB /* [CP] Check Pods Manifest.lock */,
				58F9D7391FC5F115002FA4F2 /* Sources */,
				58F9D73A1FC5F115002FA4F2 /* Frameworks */,
				58F9D73B1FC5F115002FA4F2 /* Resources */,
			);
			buildRules = (
			);
			dependencies = (
				58F9D73F1FC5F115002FA4F2 /* PBXTargetDependency */,
			);
			name = "Commuter Buddy - CTA VersionTests";
			productName = "Commuter Buddy - CTA VersionTests";
			productReference = 58F9D73D1FC5F115002FA4F2 /* Commuter Buddy - CTA VersionTests.xctest */;
			productType = "com.apple.product-type.bundle.unit-test";
		};
		58F9D7471FC5F115002FA4F2 /* Commuter Buddy - CTA VersionUITests */ = {
			isa = PBXNativeTarget;
			buildConfigurationList = 58F9D7571FC5F115002FA4F2 /* Build configuration list for PBXNativeTarget "Commuter Buddy - CTA VersionUITests" */;
			buildPhases = (
				CDF62048AE01A2F4D94DA33B /* [CP] Check Pods Manifest.lock */,
				58F9D7441FC5F115002FA4F2 /* Sources */,
				58F9D7451FC5F115002FA4F2 /* Frameworks */,
				58F9D7461FC5F115002FA4F2 /* Resources */,
			);
			buildRules = (
			);
			dependencies = (
				58F9D74A1FC5F115002FA4F2 /* PBXTargetDependency */,
			);
			name = "Commuter Buddy - CTA VersionUITests";
			productName = "Commuter Buddy - CTA VersionUITests";
			productReference = 58F9D7481FC5F115002FA4F2 /* Commuter Buddy - CTA VersionUITests.xctest */;
			productType = "com.apple.product-type.bundle.ui-testing";
		};
		C62E1B731FD0B1E6005496A1 /* Commuter Buddy Watch - CTA Version */ = {
			isa = PBXNativeTarget;
			buildConfigurationList = C62E1B961FD0B1E6005496A1 /* Build configuration list for PBXNativeTarget "Commuter Buddy Watch - CTA Version" */;
			buildPhases = (
				155AD9432640A47469637E2A /* [CP] Check Pods Manifest.lock */,
				C62E1B721FD0B1E6005496A1 /* Resources */,
				C62E1B951FD0B1E6005496A1 /* Embed App Extensions */,
				4A18CEFB89B3F14989E52DCF /* Frameworks */,
			);
			buildRules = (
			);
			dependencies = (
				C62E1B831FD0B1E6005496A1 /* PBXTargetDependency */,
			);
			name = "Commuter Buddy Watch - CTA Version";
			productName = "Commuter Buddy Watch - CTA Version";
			productReference = C62E1B741FD0B1E6005496A1 /* Commuter Buddy Watch - CTA Version.app */;
			productType = "com.apple.product-type.application.watchapp2";
		};
		C62E1B7F1FD0B1E6005496A1 /* Commuter Buddy Watch - CTA Version Extension */ = {
			isa = PBXNativeTarget;
			buildConfigurationList = C62E1B921FD0B1E6005496A1 /* Build configuration list for PBXNativeTarget "Commuter Buddy Watch - CTA Version Extension" */;
			buildPhases = (
				7B3C82A02E0B84A3A33BE648 /* [CP] Check Pods Manifest.lock */,
				C62E1B7C1FD0B1E6005496A1 /* Sources */,
				C62E1B7D1FD0B1E6005496A1 /* Frameworks */,
				C62E1B7E1FD0B1E6005496A1 /* Resources */,
				C6FA06B81FD5BBDE00422243 /* Embed Frameworks */,
			);
			buildRules = (
			);
			dependencies = (
			);
			name = "Commuter Buddy Watch - CTA Version Extension";
			productName = "Commuter Buddy Watch - CTA Version Extension";
			productReference = C62E1B801FD0B1E6005496A1 /* Commuter Buddy Watch - CTA Version Extension.appex */;
			productType = "com.apple.product-type.watchkit2-extension";
		};
/* End PBXNativeTarget section */

/* Begin PBXProject section */
		58F9D7211FC5F114002FA4F2 /* Project object */ = {
			isa = PBXProject;
			attributes = {
				LastSwiftUpdateCheck = 0900;
				LastUpgradeCheck = 0930;
				ORGANIZATIONNAME = "Max OSX";
				TargetAttributes = {
					58F9D7281FC5F115002FA4F2 = {
						CreatedOnToolsVersion = 9.1;
						LastSwiftMigration = 1020;
						ProvisioningStyle = Automatic;
						SystemCapabilities = {
							com.apple.ApplicationGroups.iOS = {
								enabled = 0;
							};
							com.apple.BackgroundModes = {
								enabled = 1;
							};
							com.apple.Push = {
								enabled = 1;
							};
						};
					};
					58F9D73C1FC5F115002FA4F2 = {
						CreatedOnToolsVersion = 9.1;
						LastSwiftMigration = 1020;
						ProvisioningStyle = Automatic;
						TestTargetID = 58F9D7281FC5F115002FA4F2;
					};
					58F9D7471FC5F115002FA4F2 = {
						CreatedOnToolsVersion = 9.1;
						LastSwiftMigration = 1020;
						ProvisioningStyle = Automatic;
						TestTargetID = 58F9D7281FC5F115002FA4F2;
					};
					C62E1B731FD0B1E6005496A1 = {
						CreatedOnToolsVersion = 9.0;
						ProvisioningStyle = Automatic;
						SystemCapabilities = {
							com.apple.ApplicationGroups.iOS = {
								enabled = 0;
							};
						};
					};
					C62E1B7F1FD0B1E6005496A1 = {
						CreatedOnToolsVersion = 9.0;
						LastSwiftMigration = 1020;
						ProvisioningStyle = Automatic;
						SystemCapabilities = {
							com.apple.ApplicationGroups.iOS = {
								enabled = 0;
							};
						};
					};
				};
			};
			buildConfigurationList = 58F9D7241FC5F114002FA4F2 /* Build configuration list for PBXProject "Commuter Buddy - CTA Version" */;
			compatibilityVersion = "Xcode 10.0";
			developmentRegion = en;
			hasScannedForEncodings = 0;
			knownRegions = (
				en,
				Base,
			);
			mainGroup = 58F9D7201FC5F114002FA4F2;
			productRefGroup = 58F9D72A1FC5F115002FA4F2 /* Products */;
			projectDirPath = "";
			projectRoot = "";
			targets = (
				58F9D7281FC5F115002FA4F2 /* Commuter Buddy - CTA Version */,
				58F9D73C1FC5F115002FA4F2 /* Commuter Buddy - CTA VersionTests */,
				58F9D7471FC5F115002FA4F2 /* Commuter Buddy - CTA VersionUITests */,
				C62E1B731FD0B1E6005496A1 /* Commuter Buddy Watch - CTA Version */,
				C62E1B7F1FD0B1E6005496A1 /* Commuter Buddy Watch - CTA Version Extension */,
			);
		};
/* End PBXProject section */

/* Begin PBXResourcesBuildPhase section */
		58F9D7271FC5F115002FA4F2 /* Resources */ = {
			isa = PBXResourcesBuildPhase;
			buildActionMask = 2147483647;
			files = (
				C94274EA212CAC6300A087DE /* MainTrain.storyboard in Resources */,
				C94274EC212CAC9700A087DE /* Alerts.storyboard in Resources */,
				58F9D7371FC5F115002FA4F2 /* LaunchScreen.storyboard in Resources */,
				C94274E5212CABF200A087DE /* ArrivalsTrain.storyboard in Resources */,
				58F9D7341FC5F115002FA4F2 /* Assets.xcassets in Resources */,
				C94274F2212CAD8B00A087DE /* StopsBus.storyboard in Resources */,
				C94274F4212CADD000A087DE /* DirectionsBus.storyboard in Resources */,
				C94274F0212CAD1100A087DE /* ArrivalsBus.storyboard in Resources */,
				C94274E8212CAC3D00A087DE /* StationsTrain.storyboard in Resources */,
				C94274EE212CACD900A087DE /* Favorites.storyboard in Resources */,
				58F9D7321FC5F115002FA4F2 /* Main.storyboard in Resources */,
				C94274F6212CADEE00A087DE /* RoutesBus.storyboard in Resources */,
			);
			runOnlyForDeploymentPostprocessing = 0;
		};
		58F9D73B1FC5F115002FA4F2 /* Resources */ = {
			isa = PBXResourcesBuildPhase;
			buildActionMask = 2147483647;
			files = (
			);
			runOnlyForDeploymentPostprocessing = 0;
		};
		58F9D7461FC5F115002FA4F2 /* Resources */ = {
			isa = PBXResourcesBuildPhase;
			buildActionMask = 2147483647;
			files = (
			);
			runOnlyForDeploymentPostprocessing = 0;
		};
		C62E1B721FD0B1E6005496A1 /* Resources */ = {
			isa = PBXResourcesBuildPhase;
			buildActionMask = 2147483647;
			files = (
				C62E1B7A1FD0B1E6005496A1 /* Assets.xcassets in Resources */,
				C62E1B781FD0B1E6005496A1 /* Interface.storyboard in Resources */,
			);
			runOnlyForDeploymentPostprocessing = 0;
		};
		C62E1B7E1FD0B1E6005496A1 /* Resources */ = {
			isa = PBXResourcesBuildPhase;
			buildActionMask = 2147483647;
			files = (
				C62E1B8C1FD0B1E6005496A1 /* Assets.xcassets in Resources */,
			);
			runOnlyForDeploymentPostprocessing = 0;
		};
/* End PBXResourcesBuildPhase section */

/* Begin PBXShellScriptBuildPhase section */
		155AD9432640A47469637E2A /* [CP] Check Pods Manifest.lock */ = {
			isa = PBXShellScriptBuildPhase;
			buildActionMask = 2147483647;
			files = (
			);
			inputFileListPaths = (
			);
			inputPaths = (
				"${PODS_PODFILE_DIR_PATH}/Podfile.lock",
				"${PODS_ROOT}/Manifest.lock",
			);
			name = "[CP] Check Pods Manifest.lock";
			outputFileListPaths = (
			);
			outputPaths = (
				"$(DERIVED_FILE_DIR)/Pods-Commuter Buddy Watch - CTA Version-checkManifestLockResult.txt",
			);
			runOnlyForDeploymentPostprocessing = 0;
			shellPath = /bin/sh;
			shellScript = "diff \"${PODS_PODFILE_DIR_PATH}/Podfile.lock\" \"${PODS_ROOT}/Manifest.lock\" > /dev/null\nif [ $? != 0 ] ; then\n    # print error to STDERR\n    echo \"error: The sandbox is not in sync with the Podfile.lock. Run 'pod install' or update your CocoaPods installation.\" >&2\n    exit 1\nfi\n# This output is used by Xcode 'outputs' to avoid re-running this script phase.\necho \"SUCCESS\" > \"${SCRIPT_OUTPUT_FILE_0}\"\n";
			showEnvVarsInLog = 0;
		};
		7B3C82A02E0B84A3A33BE648 /* [CP] Check Pods Manifest.lock */ = {
			isa = PBXShellScriptBuildPhase;
			buildActionMask = 2147483647;
			files = (
			);
			inputFileListPaths = (
			);
			inputPaths = (
				"${PODS_PODFILE_DIR_PATH}/Podfile.lock",
				"${PODS_ROOT}/Manifest.lock",
			);
			name = "[CP] Check Pods Manifest.lock";
			outputFileListPaths = (
			);
			outputPaths = (
				"$(DERIVED_FILE_DIR)/Pods-Commuter Buddy Watch - CTA Version Extension-checkManifestLockResult.txt",
			);
			runOnlyForDeploymentPostprocessing = 0;
			shellPath = /bin/sh;
			shellScript = "diff \"${PODS_PODFILE_DIR_PATH}/Podfile.lock\" \"${PODS_ROOT}/Manifest.lock\" > /dev/null\nif [ $? != 0 ] ; then\n    # print error to STDERR\n    echo \"error: The sandbox is not in sync with the Podfile.lock. Run 'pod install' or update your CocoaPods installation.\" >&2\n    exit 1\nfi\n# This output is used by Xcode 'outputs' to avoid re-running this script phase.\necho \"SUCCESS\" > \"${SCRIPT_OUTPUT_FILE_0}\"\n";
			showEnvVarsInLog = 0;
		};
		7FC43B6646DF2AFDD5AED169 /* [CP] Check Pods Manifest.lock */ = {
			isa = PBXShellScriptBuildPhase;
			buildActionMask = 2147483647;
			files = (
			);
			inputPaths = (
				"${PODS_PODFILE_DIR_PATH}/Podfile.lock",
				"${PODS_ROOT}/Manifest.lock",
			);
			name = "[CP] Check Pods Manifest.lock";
			outputPaths = (
				"$(DERIVED_FILE_DIR)/Pods-Commuter Buddy - CTA Version-checkManifestLockResult.txt",
			);
			runOnlyForDeploymentPostprocessing = 0;
			shellPath = /bin/sh;
			shellScript = "diff \"${PODS_PODFILE_DIR_PATH}/Podfile.lock\" \"${PODS_ROOT}/Manifest.lock\" > /dev/null\nif [ $? != 0 ] ; then\n    # print error to STDERR\n    echo \"error: The sandbox is not in sync with the Podfile.lock. Run 'pod install' or update your CocoaPods installation.\" >&2\n    exit 1\nfi\n# This output is used by Xcode 'outputs' to avoid re-running this script phase.\necho \"SUCCESS\" > \"${SCRIPT_OUTPUT_FILE_0}\"\n";
			showEnvVarsInLog = 0;
		};
		89EF762948AA617134DBB7AB /* [CP] Check Pods Manifest.lock */ = {
			isa = PBXShellScriptBuildPhase;
			buildActionMask = 2147483647;
			files = (
			);
			inputPaths = (
				"${PODS_PODFILE_DIR_PATH}/Podfile.lock",
				"${PODS_ROOT}/Manifest.lock",
			);
			name = "[CP] Check Pods Manifest.lock";
			outputPaths = (
				"$(DERIVED_FILE_DIR)/Pods-Commuter Buddy - CTA VersionTests-checkManifestLockResult.txt",
			);
			runOnlyForDeploymentPostprocessing = 0;
			shellPath = /bin/sh;
			shellScript = "diff \"${PODS_PODFILE_DIR_PATH}/Podfile.lock\" \"${PODS_ROOT}/Manifest.lock\" > /dev/null\nif [ $? != 0 ] ; then\n    # print error to STDERR\n    echo \"error: The sandbox is not in sync with the Podfile.lock. Run 'pod install' or update your CocoaPods installation.\" >&2\n    exit 1\nfi\n# This output is used by Xcode 'outputs' to avoid re-running this script phase.\necho \"SUCCESS\" > \"${SCRIPT_OUTPUT_FILE_0}\"\n";
			showEnvVarsInLog = 0;
		};
		CDF62048AE01A2F4D94DA33B /* [CP] Check Pods Manifest.lock */ = {
			isa = PBXShellScriptBuildPhase;
			buildActionMask = 2147483647;
			files = (
			);
			inputPaths = (
				"${PODS_PODFILE_DIR_PATH}/Podfile.lock",
				"${PODS_ROOT}/Manifest.lock",
			);
			name = "[CP] Check Pods Manifest.lock";
			outputPaths = (
				"$(DERIVED_FILE_DIR)/Pods-Commuter Buddy - CTA VersionUITests-checkManifestLockResult.txt",
			);
			runOnlyForDeploymentPostprocessing = 0;
			shellPath = /bin/sh;
			shellScript = "diff \"${PODS_PODFILE_DIR_PATH}/Podfile.lock\" \"${PODS_ROOT}/Manifest.lock\" > /dev/null\nif [ $? != 0 ] ; then\n    # print error to STDERR\n    echo \"error: The sandbox is not in sync with the Podfile.lock. Run 'pod install' or update your CocoaPods installation.\" >&2\n    exit 1\nfi\n# This output is used by Xcode 'outputs' to avoid re-running this script phase.\necho \"SUCCESS\" > \"${SCRIPT_OUTPUT_FILE_0}\"\n";
			showEnvVarsInLog = 0;
		};
/* End PBXShellScriptBuildPhase section */

/* Begin PBXSourcesBuildPhase section */
		58F9D7251FC5F115002FA4F2 /* Sources */ = {
			isa = PBXSourcesBuildPhase;
			buildActionMask = 2147483647;
			files = (
				C65579971FD9C36100716E29 /* DirectionsTableViewController.swift in Sources */,
				C945761E212B658000AC34F0 /* XMLKey.swift in Sources */,
				C6FA06C41FD5F4DE00422243 /* Shared.swift in Sources */,
				C6257DEB1FCB6FFE008EEF43 /* TitleTableViewCell.swift in Sources */,
				58B8AAB81FC734B90075E9BA /* StationsViewController.swift in Sources */,
				C9457620212B658000AC34F0 /* ISO8601DateFormatter.swift in Sources */,
				C947BD00212B559C006B7126 /* JSONManager.swift in Sources */,
				C945761A212B653F00AC34F0 /* XMLKeyedDecodingContainer.swift in Sources */,
				C6F66E041FC9388C007D5C5A /* ArrivalsViewController.swift in Sources */,
				C6F66E061FC9410B007D5C5A /* Arrivals.swift in Sources */,
				58F9D7601FC5FD66002FA4F2 /* Lines.swift in Sources */,
				C65579991FD9C67900716E29 /* Directions.swift in Sources */,
				C6257DED1FCB821B008EEF43 /* FavoritesViewController.swift in Sources */,
				C9457619212B653F00AC34F0 /* XMLDecoder.swift in Sources */,
				C6F803BD1FDA14F80063C5E8 /* StopsTableViewCell.swift in Sources */,
				C65AD3DA1FCDC34800F9FDD1 /* XMLParserAlerts.swift in Sources */,
				C9457617212B653F00AC34F0 /* XMLUnkeyedDecodingContainer.swift in Sources */,
				58F9D72D1FC5F115002FA4F2 /* AppDelegate.swift in Sources */,
				C65579931FD9B36700716E29 /* Routes.swift in Sources */,
				C9457618212B653F00AC34F0 /* DecodingErrorExtension.swift in Sources */,
				C65579911FD9B1B500716E29 /* RoutesTableViewController.swift in Sources */,
				B7537B3A223F5A90008FEEDF /* AlertsViewController.swift in Sources */,
				C655799B1FD9D27900716E29 /* StopsTableViewController.swift in Sources */,
				58F9D75E1FC5F8D3002FA4F2 /* CustomTableViewCell.swift in Sources */,
				C6F803BF1FDA1D060063C5E8 /* ArrivalBusStops.swift in Sources */,
				C6F803BB1FDA14830063C5E8 /* ArrivalStopsTableViewController.swift in Sources */,
				C6477A4C1FC8E31C00D1D388 /* Stations.swift in Sources */,
				C945761F212B658000AC34F0 /* XMLStackParser.swift in Sources */,
				58F9D75C1FC5F717002FA4F2 /* Main_ViewController.swift in Sources */,
				C63CFED51FCF1875003F799D /* AlertObject.swift in Sources */,
				C9457616212B653F00AC34F0 /* XMLDecodingStorage.swift in Sources */,
				C655799D1FD9D50100716E29 /* Stops.swift in Sources */,
			);
			runOnlyForDeploymentPostprocessing = 0;
		};
		58F9D7391FC5F115002FA4F2 /* Sources */ = {
			isa = PBXSourcesBuildPhase;
			buildActionMask = 2147483647;
			files = (
				58F9D7421FC5F115002FA4F2 /* Commuter_Buddy___CTA_VersionTests.swift in Sources */,
			);
			runOnlyForDeploymentPostprocessing = 0;
		};
		58F9D7441FC5F115002FA4F2 /* Sources */ = {
			isa = PBXSourcesBuildPhase;
			buildActionMask = 2147483647;
			files = (
				58F9D74D1FC5F115002FA4F2 /* Commuter_Buddy___CTA_VersionUITests.swift in Sources */,
			);
			runOnlyForDeploymentPostprocessing = 0;
		};
		C62E1B7C1FD0B1E6005496A1 /* Sources */ = {
			isa = PBXSourcesBuildPhase;
			buildActionMask = 2147483647;
			files = (
				C65390CE1FD2177A007A7002 /* RowController.swift in Sources */,
				C6E42B6B1FDB2BE000FCDEC5 /* StopsInterfaceController.swift in Sources */,
				C68E0E841FD3887C0056A544 /* Lines.swift in Sources */,
				C62E1B8A1FD0B1E6005496A1 /* NotificationController.swift in Sources */,
				C670EA411FDB41690084A1E4 /* ArrivalBusStops.swift in Sources */,
				C65390CF1FD2177E007A7002 /* StationsWatch.swift in Sources */,
				C6E42B611FDB05F000FCDEC5 /* BusesInterfaceController.swift in Sources */,
				C6FA065A1FD5264F00422243 /* ArrivalsWatch.swift in Sources */,
				C6E42B691FDB272C00FCDEC5 /* DirectionsRowController.swift in Sources */,
				C6C0DDB81FE0746F0061252C /* FavoritesInterfaceController.swift in Sources */,
				C6FA06BE1FD5E82600422243 /* ArrivalController.swift in Sources */,
				C6E42B641FDB07F200FCDEC5 /* Routes.swift in Sources */,
				C6E42B5F1FDB03FA00FCDEC5 /* MainInterfaceController.swift in Sources */,
				C68E0E891FD38D860056A544 /* Stations.swift in Sources */,
				C6E42B6D1FDB2C4F00FCDEC5 /* StopRowController.swift in Sources */,
				C6DE50881FE0A3C500D6E817 /* AlertObject.swift in Sources */,
				C6E42B631FDB064300FCDEC5 /* BusRowController.swift in Sources */,
				C6E42B6E1FDB2C6A00FCDEC5 /* Stops.swift in Sources */,
				C6E42B701FDB360600FCDEC5 /* BusArrivalsInterfaceController.swift in Sources */,
				C6E42B741FDB3A4300FCDEC5 /* BusArrivalRowController.swift in Sources */,
				C924E406212DA5350073034B /* ExtensionDelegate.swift in Sources */,
				C6A15B0E1FD62A030059DBA7 /* Arrivals.swift in Sources */,
				C65390D01FD21782007A7002 /* RowControllerStations.swift in Sources */,
				C6C0DDBA1FE074FF0061252C /* FavoritesRowController.swift in Sources */,
				C62E1B861FD0B1E6005496A1 /* InterfaceController.swift in Sources */,
				C6E42B671FDB255F00FCDEC5 /* Directions.swift in Sources */,
				C6E42B661FDB24A900FCDEC5 /* DirectionsInterfaceController.swift in Sources */,
			);
			runOnlyForDeploymentPostprocessing = 0;
		};
/* End PBXSourcesBuildPhase section */

/* Begin PBXTargetDependency section */
		58F9D73F1FC5F115002FA4F2 /* PBXTargetDependency */ = {
			isa = PBXTargetDependency;
			target = 58F9D7281FC5F115002FA4F2 /* Commuter Buddy - CTA Version */;
			targetProxy = 58F9D73E1FC5F115002FA4F2 /* PBXContainerItemProxy */;
		};
		58F9D74A1FC5F115002FA4F2 /* PBXTargetDependency */ = {
			isa = PBXTargetDependency;
			target = 58F9D7281FC5F115002FA4F2 /* Commuter Buddy - CTA Version */;
			targetProxy = 58F9D7491FC5F115002FA4F2 /* PBXContainerItemProxy */;
		};
		C62E1B831FD0B1E6005496A1 /* PBXTargetDependency */ = {
			isa = PBXTargetDependency;
			target = C62E1B7F1FD0B1E6005496A1 /* Commuter Buddy Watch - CTA Version Extension */;
			targetProxy = C62E1B821FD0B1E6005496A1 /* PBXContainerItemProxy */;
		};
		C62E1B901FD0B1E6005496A1 /* PBXTargetDependency */ = {
			isa = PBXTargetDependency;
			target = C62E1B731FD0B1E6005496A1 /* Commuter Buddy Watch - CTA Version */;
			targetProxy = C62E1B8F1FD0B1E6005496A1 /* PBXContainerItemProxy */;
		};
/* End PBXTargetDependency section */

/* Begin PBXVariantGroup section */
		58F9D7301FC5F115002FA4F2 /* Main.storyboard */ = {
			isa = PBXVariantGroup;
			children = (
				58F9D7311FC5F115002FA4F2 /* Base */,
			);
			name = Main.storyboard;
			sourceTree = "<group>";
		};
		58F9D7351FC5F115002FA4F2 /* LaunchScreen.storyboard */ = {
			isa = PBXVariantGroup;
			children = (
				58F9D7361FC5F115002FA4F2 /* Base */,
			);
			name = LaunchScreen.storyboard;
			sourceTree = "<group>";
		};
		C62E1B761FD0B1E6005496A1 /* Interface.storyboard */ = {
			isa = PBXVariantGroup;
			children = (
				C62E1B771FD0B1E6005496A1 /* Base */,
			);
			name = Interface.storyboard;
			sourceTree = "<group>";
		};
/* End PBXVariantGroup section */

/* Begin XCBuildConfiguration section */
		58F9D74F1FC5F115002FA4F2 /* Debug */ = {
			isa = XCBuildConfiguration;
			buildSettings = {
				ALWAYS_SEARCH_USER_PATHS = NO;
				CLANG_ANALYZER_NONNULL = YES;
				CLANG_ANALYZER_NUMBER_OBJECT_CONVERSION = YES_AGGRESSIVE;
				CLANG_CXX_LANGUAGE_STANDARD = "gnu++14";
				CLANG_CXX_LIBRARY = "libc++";
				CLANG_ENABLE_MODULES = YES;
				CLANG_ENABLE_OBJC_ARC = YES;
				CLANG_WARN_BLOCK_CAPTURE_AUTORELEASING = YES;
				CLANG_WARN_BOOL_CONVERSION = YES;
				CLANG_WARN_COMMA = YES;
				CLANG_WARN_CONSTANT_CONVERSION = YES;
				CLANG_WARN_DEPRECATED_OBJC_IMPLEMENTATIONS = YES;
				CLANG_WARN_DIRECT_OBJC_ISA_USAGE = YES_ERROR;
				CLANG_WARN_DOCUMENTATION_COMMENTS = YES;
				CLANG_WARN_EMPTY_BODY = YES;
				CLANG_WARN_ENUM_CONVERSION = YES;
				CLANG_WARN_INFINITE_RECURSION = YES;
				CLANG_WARN_INT_CONVERSION = YES;
				CLANG_WARN_NON_LITERAL_NULL_CONVERSION = YES;
				CLANG_WARN_OBJC_IMPLICIT_RETAIN_SELF = YES;
				CLANG_WARN_OBJC_LITERAL_CONVERSION = YES;
				CLANG_WARN_OBJC_ROOT_CLASS = YES_ERROR;
				CLANG_WARN_RANGE_LOOP_ANALYSIS = YES;
				CLANG_WARN_STRICT_PROTOTYPES = YES;
				CLANG_WARN_SUSPICIOUS_MOVE = YES;
				CLANG_WARN_UNGUARDED_AVAILABILITY = YES_AGGRESSIVE;
				CLANG_WARN_UNREACHABLE_CODE = YES;
				CLANG_WARN__DUPLICATE_METHOD_MATCH = YES;
				CODE_SIGN_IDENTITY = "iPhone Developer";
				COPY_PHASE_STRIP = NO;
				DEBUG_INFORMATION_FORMAT = dwarf;
				ENABLE_STRICT_OBJC_MSGSEND = YES;
				ENABLE_TESTABILITY = YES;
				GCC_C_LANGUAGE_STANDARD = gnu11;
				GCC_DYNAMIC_NO_PIC = NO;
				GCC_NO_COMMON_BLOCKS = YES;
				GCC_OPTIMIZATION_LEVEL = 0;
				GCC_PREPROCESSOR_DEFINITIONS = (
					"DEBUG=1",
					"$(inherited)",
				);
				GCC_WARN_64_TO_32_BIT_CONVERSION = YES;
				GCC_WARN_ABOUT_RETURN_TYPE = YES_ERROR;
				GCC_WARN_UNDECLARED_SELECTOR = YES;
				GCC_WARN_UNINITIALIZED_AUTOS = YES_AGGRESSIVE;
				GCC_WARN_UNUSED_FUNCTION = YES;
				GCC_WARN_UNUSED_VARIABLE = YES;
				IPHONEOS_DEPLOYMENT_TARGET = 11.4;
				MTL_ENABLE_DEBUG_INFO = YES;
				ONLY_ACTIVE_ARCH = YES;
				SDKROOT = iphoneos;
				SWIFT_ACTIVE_COMPILATION_CONDITIONS = DEBUG;
				SWIFT_INSTALL_OBJC_HEADER = YES;
				SWIFT_OPTIMIZATION_LEVEL = "-Onone";
			};
			name = Debug;
		};
		58F9D7501FC5F115002FA4F2 /* Release */ = {
			isa = XCBuildConfiguration;
			buildSettings = {
				ALWAYS_SEARCH_USER_PATHS = NO;
				CLANG_ANALYZER_NONNULL = YES;
				CLANG_ANALYZER_NUMBER_OBJECT_CONVERSION = YES_AGGRESSIVE;
				CLANG_CXX_LANGUAGE_STANDARD = "gnu++14";
				CLANG_CXX_LIBRARY = "libc++";
				CLANG_ENABLE_MODULES = YES;
				CLANG_ENABLE_OBJC_ARC = YES;
				CLANG_WARN_BLOCK_CAPTURE_AUTORELEASING = YES;
				CLANG_WARN_BOOL_CONVERSION = YES;
				CLANG_WARN_COMMA = YES;
				CLANG_WARN_CONSTANT_CONVERSION = YES;
				CLANG_WARN_DEPRECATED_OBJC_IMPLEMENTATIONS = YES;
				CLANG_WARN_DIRECT_OBJC_ISA_USAGE = YES_ERROR;
				CLANG_WARN_DOCUMENTATION_COMMENTS = YES;
				CLANG_WARN_EMPTY_BODY = YES;
				CLANG_WARN_ENUM_CONVERSION = YES;
				CLANG_WARN_INFINITE_RECURSION = YES;
				CLANG_WARN_INT_CONVERSION = YES;
				CLANG_WARN_NON_LITERAL_NULL_CONVERSION = YES;
				CLANG_WARN_OBJC_IMPLICIT_RETAIN_SELF = YES;
				CLANG_WARN_OBJC_LITERAL_CONVERSION = YES;
				CLANG_WARN_OBJC_ROOT_CLASS = YES_ERROR;
				CLANG_WARN_RANGE_LOOP_ANALYSIS = YES;
				CLANG_WARN_STRICT_PROTOTYPES = YES;
				CLANG_WARN_SUSPICIOUS_MOVE = YES;
				CLANG_WARN_UNGUARDED_AVAILABILITY = YES_AGGRESSIVE;
				CLANG_WARN_UNREACHABLE_CODE = YES;
				CLANG_WARN__DUPLICATE_METHOD_MATCH = YES;
				CODE_SIGN_IDENTITY = "iPhone Developer";
				COPY_PHASE_STRIP = NO;
				DEBUG_INFORMATION_FORMAT = "dwarf-with-dsym";
				ENABLE_NS_ASSERTIONS = NO;
				ENABLE_STRICT_OBJC_MSGSEND = YES;
				GCC_C_LANGUAGE_STANDARD = gnu11;
				GCC_NO_COMMON_BLOCKS = YES;
				GCC_WARN_64_TO_32_BIT_CONVERSION = YES;
				GCC_WARN_ABOUT_RETURN_TYPE = YES_ERROR;
				GCC_WARN_UNDECLARED_SELECTOR = YES;
				GCC_WARN_UNINITIALIZED_AUTOS = YES_AGGRESSIVE;
				GCC_WARN_UNUSED_FUNCTION = YES;
				GCC_WARN_UNUSED_VARIABLE = YES;
				IPHONEOS_DEPLOYMENT_TARGET = 11.4;
				MTL_ENABLE_DEBUG_INFO = NO;
				SDKROOT = iphoneos;
				SWIFT_COMPILATION_MODE = wholemodule;
				SWIFT_INSTALL_OBJC_HEADER = YES;
				SWIFT_OPTIMIZATION_LEVEL = "-O";
				VALIDATE_PRODUCT = YES;
			};
			name = Release;
		};
		58F9D7521FC5F115002FA4F2 /* Debug */ = {
			isa = XCBuildConfiguration;
			baseConfigurationReference = 5003D3AE644044FA3DEA6676 /* Pods-Commuter Buddy - CTA Version.debug.xcconfig */;
			buildSettings = {
				ASSETCATALOG_COMPILER_APPICON_NAME = AppIcon;
				CODE_SIGN_ENTITLEMENTS = "Commuter Buddy - CTA Version/Commuter Buddy - CTA Version.entitlements";
				CODE_SIGN_STYLE = Automatic;
				DEVELOPMENT_TEAM = 6A8HSTN28W;
				FRAMEWORK_SEARCH_PATHS = "";
				INFOPLIST_FILE = "Commuter Buddy - CTA Version/Info.plist";
				IPHONEOS_DEPLOYMENT_TARGET = 11.4;
				LD_RUNPATH_SEARCH_PATHS = (
					"$(inherited)",
					"@executable_path/Frameworks",
				);
				OTHER_CFLAGS = "";
				OTHER_LDFLAGS = "";
				OTHER_SWIFT_FLAGS = "";
				PRODUCT_BUNDLE_IDENTIFIER = "Rob.Commuter-Buddy---CTA-Version";
				PRODUCT_NAME = "$(TARGET_NAME)";
				SWIFT_VERSION = 5.0;
				TARGETED_DEVICE_FAMILY = 1;
			};
			name = Debug;
		};
		58F9D7531FC5F115002FA4F2 /* Release */ = {
			isa = XCBuildConfiguration;
			baseConfigurationReference = 73CBEDF5D2395DAB9882E8E6 /* Pods-Commuter Buddy - CTA Version.release.xcconfig */;
			buildSettings = {
				ASSETCATALOG_COMPILER_APPICON_NAME = AppIcon;
				CODE_SIGN_ENTITLEMENTS = "Commuter Buddy - CTA Version/Commuter Buddy - CTA Version.entitlements";
				CODE_SIGN_STYLE = Automatic;
				DEVELOPMENT_TEAM = 6A8HSTN28W;
				FRAMEWORK_SEARCH_PATHS = "";
				INFOPLIST_FILE = "Commuter Buddy - CTA Version/Info.plist";
				IPHONEOS_DEPLOYMENT_TARGET = 11.4;
				LD_RUNPATH_SEARCH_PATHS = (
					"$(inherited)",
					"@executable_path/Frameworks",
				);
				OTHER_CFLAGS = (
					"$(inherited)",
					"-iquote",
					"-iquote",
					"-iquote",
				);
				OTHER_LDFLAGS = "";
				PRODUCT_BUNDLE_IDENTIFIER = "Rob.Commuter-Buddy---CTA-Version";
				PRODUCT_NAME = "$(TARGET_NAME)";
				SWIFT_VERSION = 5.0;
				TARGETED_DEVICE_FAMILY = 1;
			};
			name = Release;
		};
		58F9D7551FC5F115002FA4F2 /* Debug */ = {
			isa = XCBuildConfiguration;
			baseConfigurationReference = AA8B061FEE1C7DD6EE60F8BD /* Pods-Commuter Buddy - CTA VersionTests.debug.xcconfig */;
			buildSettings = {
				ALWAYS_EMBED_SWIFT_STANDARD_LIBRARIES = YES;
				BUNDLE_LOADER = "$(TEST_HOST)";
				CODE_SIGN_STYLE = Automatic;
				DEVELOPMENT_TEAM = 6A8HSTN28W;
				INFOPLIST_FILE = "Commuter Buddy - CTA VersionTests/Info.plist";
				IPHONEOS_DEPLOYMENT_TARGET = 9.3;
				LD_RUNPATH_SEARCH_PATHS = (
					"$(inherited)",
					"@executable_path/Frameworks",
					"@loader_path/Frameworks",
				);
				PRODUCT_BUNDLE_IDENTIFIER = "Rob.Commuter-Buddy---CTA-VersionTests";
				PRODUCT_NAME = "$(TARGET_NAME)";
				SWIFT_VERSION = 5.0;
				TARGETED_DEVICE_FAMILY = "1,2";
				TEST_HOST = "$(BUILT_PRODUCTS_DIR)/Commuter Buddy - CTA Version.app/Commuter Buddy - CTA Version";
			};
			name = Debug;
		};
		58F9D7561FC5F115002FA4F2 /* Release */ = {
			isa = XCBuildConfiguration;
			baseConfigurationReference = AECB5136E56C7B3E010AB313 /* Pods-Commuter Buddy - CTA VersionTests.release.xcconfig */;
			buildSettings = {
				ALWAYS_EMBED_SWIFT_STANDARD_LIBRARIES = YES;
				BUNDLE_LOADER = "$(TEST_HOST)";
				CODE_SIGN_STYLE = Automatic;
				DEVELOPMENT_TEAM = 6A8HSTN28W;
				INFOPLIST_FILE = "Commuter Buddy - CTA VersionTests/Info.plist";
				IPHONEOS_DEPLOYMENT_TARGET = 9.3;
				LD_RUNPATH_SEARCH_PATHS = (
					"$(inherited)",
					"@executable_path/Frameworks",
					"@loader_path/Frameworks",
				);
				PRODUCT_BUNDLE_IDENTIFIER = "Rob.Commuter-Buddy---CTA-VersionTests";
				PRODUCT_NAME = "$(TARGET_NAME)";
				SWIFT_VERSION = 5.0;
				TARGETED_DEVICE_FAMILY = "1,2";
				TEST_HOST = "$(BUILT_PRODUCTS_DIR)/Commuter Buddy - CTA Version.app/Commuter Buddy - CTA Version";
			};
			name = Release;
		};
		58F9D7581FC5F115002FA4F2 /* Debug */ = {
			isa = XCBuildConfiguration;
			baseConfigurationReference = 2CF5F363AF4E15D2EFADBBDE /* Pods-Commuter Buddy - CTA VersionUITests.debug.xcconfig */;
			buildSettings = {
				ALWAYS_EMBED_SWIFT_STANDARD_LIBRARIES = YES;
				CODE_SIGN_STYLE = Automatic;
				DEVELOPMENT_TEAM = 6A8HSTN28W;
				INFOPLIST_FILE = "Commuter Buddy - CTA VersionUITests/Info.plist";
				IPHONEOS_DEPLOYMENT_TARGET = 9.3;
				LD_RUNPATH_SEARCH_PATHS = (
					"$(inherited)",
					"@executable_path/Frameworks",
					"@loader_path/Frameworks",
				);
				PRODUCT_BUNDLE_IDENTIFIER = "Rob.Commuter-Buddy---CTA-VersionUITests";
				PRODUCT_NAME = "$(TARGET_NAME)";
				SWIFT_VERSION = 5.0;
				TARGETED_DEVICE_FAMILY = "1,2";
				TEST_TARGET_NAME = "Commuter Buddy - CTA Version";
			};
			name = Debug;
		};
		58F9D7591FC5F115002FA4F2 /* Release */ = {
			isa = XCBuildConfiguration;
			baseConfigurationReference = EAECD67F8220B1D04A845552 /* Pods-Commuter Buddy - CTA VersionUITests.release.xcconfig */;
			buildSettings = {
				ALWAYS_EMBED_SWIFT_STANDARD_LIBRARIES = YES;
				CODE_SIGN_STYLE = Automatic;
				DEVELOPMENT_TEAM = 6A8HSTN28W;
				INFOPLIST_FILE = "Commuter Buddy - CTA VersionUITests/Info.plist";
				IPHONEOS_DEPLOYMENT_TARGET = 9.3;
				LD_RUNPATH_SEARCH_PATHS = (
					"$(inherited)",
					"@executable_path/Frameworks",
					"@loader_path/Frameworks",
				);
				PRODUCT_BUNDLE_IDENTIFIER = "Rob.Commuter-Buddy---CTA-VersionUITests";
				PRODUCT_NAME = "$(TARGET_NAME)";
				SWIFT_VERSION = 5.0;
				TARGETED_DEVICE_FAMILY = "1,2";
				TEST_TARGET_NAME = "Commuter Buddy - CTA Version";
			};
			name = Release;
		};
		C62E1B931FD0B1E6005496A1 /* Debug */ = {
			isa = XCBuildConfiguration;
			baseConfigurationReference = 1BA9776B8704C4A0A9A31404 /* Pods-Commuter Buddy Watch - CTA Version Extension.debug.xcconfig */;
			buildSettings = {
				ASSETCATALOG_COMPILER_COMPLICATION_NAME = Complication;
				CODE_SIGN_STYLE = Automatic;
				DEVELOPMENT_TEAM = 6A8HSTN28W;
				INFOPLIST_FILE = "Commuter Buddy Watch - CTA Version Extension/Info.plist";
				LD_RUNPATH_SEARCH_PATHS = (
					"$(inherited)",
					"@executable_path/Frameworks",
					"@executable_path/../../Frameworks",
				);
				PRODUCT_BUNDLE_IDENTIFIER = "Rob.Commuter-Buddy---CTA-Version.watchkitapp.watchkitextension";
				PRODUCT_NAME = "${TARGET_NAME}";
				SDKROOT = watchos;
				SKIP_INSTALL = YES;
				SWIFT_VERSION = 5.0;
				TARGETED_DEVICE_FAMILY = 4;
				WATCHOS_DEPLOYMENT_TARGET = 4.0;
			};
			name = Debug;
		};
		C62E1B941FD0B1E6005496A1 /* Release */ = {
			isa = XCBuildConfiguration;
			baseConfigurationReference = 61B9BE3A129AB7F7C5D3126C /* Pods-Commuter Buddy Watch - CTA Version Extension.release.xcconfig */;
			buildSettings = {
				ASSETCATALOG_COMPILER_COMPLICATION_NAME = Complication;
				CODE_SIGN_STYLE = Automatic;
				DEVELOPMENT_TEAM = 6A8HSTN28W;
				INFOPLIST_FILE = "Commuter Buddy Watch - CTA Version Extension/Info.plist";
				LD_RUNPATH_SEARCH_PATHS = (
					"$(inherited)",
					"@executable_path/Frameworks",
					"@executable_path/../../Frameworks",
				);
				PRODUCT_BUNDLE_IDENTIFIER = "Rob.Commuter-Buddy---CTA-Version.watchkitapp.watchkitextension";
				PRODUCT_NAME = "${TARGET_NAME}";
				SDKROOT = watchos;
				SKIP_INSTALL = YES;
				SWIFT_VERSION = 5.0;
				TARGETED_DEVICE_FAMILY = 4;
				WATCHOS_DEPLOYMENT_TARGET = 4.0;
			};
			name = Release;
		};
		C62E1B971FD0B1E6005496A1 /* Debug */ = {
			isa = XCBuildConfiguration;
			baseConfigurationReference = 9F14AB29FDF7F83DAD55E202 /* Pods-Commuter Buddy Watch - CTA Version.debug.xcconfig */;
			buildSettings = {
				ALWAYS_EMBED_SWIFT_STANDARD_LIBRARIES = YES;
				ASSETCATALOG_COMPILER_APPICON_NAME = AppIcon;
				CODE_SIGN_STYLE = Automatic;
				DEVELOPMENT_TEAM = 6A8HSTN28W;
				IBSC_MODULE = "Commuter_Buddy_Watch___CTA_Version_Extension";
				INFOPLIST_FILE = "Commuter Buddy Watch - CTA Version/Info.plist";
				PRODUCT_BUNDLE_IDENTIFIER = "Rob.Commuter-Buddy---CTA-Version.watchkitapp";
				PRODUCT_NAME = "$(TARGET_NAME)";
				SDKROOT = watchos;
				SKIP_INSTALL = YES;
				SWIFT_VERSION = 4.0;
				TARGETED_DEVICE_FAMILY = 4;
				WATCHOS_DEPLOYMENT_TARGET = 4.0;
			};
			name = Debug;
		};
		C62E1B981FD0B1E6005496A1 /* Release */ = {
			isa = XCBuildConfiguration;
			baseConfigurationReference = CB5C91ECD98166BF6D5C60C0 /* Pods-Commuter Buddy Watch - CTA Version.release.xcconfig */;
			buildSettings = {
				ALWAYS_EMBED_SWIFT_STANDARD_LIBRARIES = YES;
				ASSETCATALOG_COMPILER_APPICON_NAME = AppIcon;
				CODE_SIGN_STYLE = Automatic;
				DEVELOPMENT_TEAM = 6A8HSTN28W;
				IBSC_MODULE = "Commuter_Buddy_Watch___CTA_Version_Extension";
				INFOPLIST_FILE = "Commuter Buddy Watch - CTA Version/Info.plist";
				PRODUCT_BUNDLE_IDENTIFIER = "Rob.Commuter-Buddy---CTA-Version.watchkitapp";
				PRODUCT_NAME = "$(TARGET_NAME)";
				SDKROOT = watchos;
				SKIP_INSTALL = YES;
				SWIFT_VERSION = 4.0;
				TARGETED_DEVICE_FAMILY = 4;
				WATCHOS_DEPLOYMENT_TARGET = 4.0;
			};
			name = Release;
		};
/* End XCBuildConfiguration section */

/* Begin XCConfigurationList section */
		58F9D7241FC5F114002FA4F2 /* Build configuration list for PBXProject "Commuter Buddy - CTA Version" */ = {
			isa = XCConfigurationList;
			buildConfigurations = (
				58F9D74F1FC5F115002FA4F2 /* Debug */,
				58F9D7501FC5F115002FA4F2 /* Release */,
			);
			defaultConfigurationIsVisible = 0;
			defaultConfigurationName = Release;
		};
		58F9D7511FC5F115002FA4F2 /* Build configuration list for PBXNativeTarget "Commuter Buddy - CTA Version" */ = {
			isa = XCConfigurationList;
			buildConfigurations = (
				58F9D7521FC5F115002FA4F2 /* Debug */,
				58F9D7531FC5F115002FA4F2 /* Release */,
			);
			defaultConfigurationIsVisible = 0;
			defaultConfigurationName = Release;
		};
		58F9D7541FC5F115002FA4F2 /* Build configuration list for PBXNativeTarget "Commuter Buddy - CTA VersionTests" */ = {
			isa = XCConfigurationList;
			buildConfigurations = (
				58F9D7551FC5F115002FA4F2 /* Debug */,
				58F9D7561FC5F115002FA4F2 /* Release */,
			);
			defaultConfigurationIsVisible = 0;
			defaultConfigurationName = Release;
		};
		58F9D7571FC5F115002FA4F2 /* Build configuration list for PBXNativeTarget "Commuter Buddy - CTA VersionUITests" */ = {
			isa = XCConfigurationList;
			buildConfigurations = (
				58F9D7581FC5F115002FA4F2 /* Debug */,
				58F9D7591FC5F115002FA4F2 /* Release */,
			);
			defaultConfigurationIsVisible = 0;
			defaultConfigurationName = Release;
		};
		C62E1B921FD0B1E6005496A1 /* Build configuration list for PBXNativeTarget "Commuter Buddy Watch - CTA Version Extension" */ = {
			isa = XCConfigurationList;
			buildConfigurations = (
				C62E1B931FD0B1E6005496A1 /* Debug */,
				C62E1B941FD0B1E6005496A1 /* Release */,
			);
			defaultConfigurationIsVisible = 0;
			defaultConfigurationName = Release;
		};
		C62E1B961FD0B1E6005496A1 /* Build configuration list for PBXNativeTarget "Commuter Buddy Watch - CTA Version" */ = {
			isa = XCConfigurationList;
			buildConfigurations = (
				C62E1B971FD0B1E6005496A1 /* Debug */,
				C62E1B981FD0B1E6005496A1 /* Release */,
			);
			defaultConfigurationIsVisible = 0;
			defaultConfigurationName = Release;
		};
/* End XCConfigurationList section */
	};
	rootObject = 58F9D7211FC5F114002FA4F2 /* Project object */;
}
